// !$*UTF8*$!
{
	archiveVersion = 1;
	classes = {
	};
	objectVersion = 46;
	objects = {

/* Begin PBXBuildFile section */
		50062A1D1E470D62002BDE90 /* AppDelegate.swift in Sources */ = {isa = PBXBuildFile; fileRef = 50062A1C1E470D62002BDE90 /* AppDelegate.swift */; };
		50062A1F1E470D62002BDE90 /* ViewController.swift in Sources */ = {isa = PBXBuildFile; fileRef = 50062A1E1E470D62002BDE90 /* ViewController.swift */; };
		50062A221E470D62002BDE90 /* Main.storyboard in Resources */ = {isa = PBXBuildFile; fileRef = 50062A201E470D62002BDE90 /* Main.storyboard */; };
		50062A241E470D62002BDE90 /* Assets.xcassets in Resources */ = {isa = PBXBuildFile; fileRef = 50062A231E470D62002BDE90 /* Assets.xcassets */; };
		50062A271E470D62002BDE90 /* LaunchScreen.storyboard in Resources */ = {isa = PBXBuildFile; fileRef = 50062A251E470D62002BDE90 /* LaunchScreen.storyboard */; };
		500F095A1E752BBC004C7270 /* TutorialPageViewController.swift in Sources */ = {isa = PBXBuildFile; fileRef = 500F09591E752BBC004C7270 /* TutorialPageViewController.swift */; };
		500F095C1E753DDA004C7270 /* TutorialContainerViewController.swift in Sources */ = {isa = PBXBuildFile; fileRef = 500F095B1E753DDA004C7270 /* TutorialContainerViewController.swift */; };
		500F095E1E753FA7004C7270 /* FirstTutorialViewController.swift in Sources */ = {isa = PBXBuildFile; fileRef = 500F095D1E753FA7004C7270 /* FirstTutorialViewController.swift */; };
		500F09651E755855004C7270 /* Long Press.gif in Resources */ = {isa = PBXBuildFile; fileRef = 500F09621E755855004C7270 /* Long Press.gif */; };
		500F09661E755855004C7270 /* Tap.gif in Resources */ = {isa = PBXBuildFile; fileRef = 500F09631E755855004C7270 /* Tap.gif */; };
		500F09671E755855004C7270 /* Zoom.gif in Resources */ = {isa = PBXBuildFile; fileRef = 500F09641E755855004C7270 /* Zoom.gif */; };
		500F09691E755DDC004C7270 /* Anatomy.swift in Sources */ = {isa = PBXBuildFile; fileRef = 500F09681E755DDC004C7270 /* Anatomy.swift */; };
		500F096B1E75603E004C7270 /* AnatomyManager.swift in Sources */ = {isa = PBXBuildFile; fileRef = 500F096A1E75603E004C7270 /* AnatomyManager.swift */; };
		500F096E1E757B33004C7270 /* anatomy_prefix.txt in Resources */ = {isa = PBXBuildFile; fileRef = 500F096C1E757B33004C7270 /* anatomy_prefix.txt */; };
		500F096F1E757B33004C7270 /* anatomy_suffix.txt in Resources */ = {isa = PBXBuildFile; fileRef = 500F096D1E757B33004C7270 /* anatomy_suffix.txt */; };
		500F09721E7587E3004C7270 /* BodyPartAnatomyViewController.swift in Sources */ = {isa = PBXBuildFile; fileRef = 500F09711E7587E3004C7270 /* BodyPartAnatomyViewController.swift */; };
		500F09751E758963004C7270 /* BodyPartAnatomyCell.swift in Sources */ = {isa = PBXBuildFile; fileRef = 500F09731E758963004C7270 /* BodyPartAnatomyCell.swift */; };
		500F09761E758963004C7270 /* BodyPartAnatomyCell.xib in Resources */ = {isa = PBXBuildFile; fileRef = 500F09741E758963004C7270 /* BodyPartAnatomyCell.xib */; };
		501ABB511E68508B00562787 /* AnatomyViewController.swift in Sources */ = {isa = PBXBuildFile; fileRef = 501ABB4E1E68508B00562787 /* AnatomyViewController.swift */; };
		501ABB521E68508B00562787 /* TouchableAnatomy+Function.swift in Sources */ = {isa = PBXBuildFile; fileRef = 501ABB4F1E68508B00562787 /* TouchableAnatomy+Function.swift */; };
		501ABB531E68508B00562787 /* TouchableAnatomy.swift in Sources */ = {isa = PBXBuildFile; fileRef = 501ABB501E68508B00562787 /* TouchableAnatomy.swift */; };
		501ABB581E6853C800562787 /* ExerciseListViewController.swift in Sources */ = {isa = PBXBuildFile; fileRef = 501ABB571E6853C800562787 /* ExerciseListViewController.swift */; };
		501D61CF1E4CDC6C00E9C859 /* CategoryViewController.swift in Sources */ = {isa = PBXBuildFile; fileRef = 501D61CE1E4CDC6C00E9C859 /* CategoryViewController.swift */; };
		5021EDFE1E6857890058B500 /* BaseCell.swift in Sources */ = {isa = PBXBuildFile; fileRef = 5021EDFD1E6857890058B500 /* BaseCell.swift */; };
		5021EE001E68579A0058B500 /* BaseTableViewCell.swift in Sources */ = {isa = PBXBuildFile; fileRef = 5021EDFF1E68579A0058B500 /* BaseTableViewCell.swift */; };
		5021EE031E6857D80058B500 /* ExerciseListTableViewCell.swift in Sources */ = {isa = PBXBuildFile; fileRef = 5021EE011E6857D80058B500 /* ExerciseListTableViewCell.swift */; };
		5021EE041E6857D80058B500 /* ExerciseListTableViewCell.xib in Resources */ = {isa = PBXBuildFile; fileRef = 5021EE021E6857D80058B500 /* ExerciseListTableViewCell.xib */; };
		5021EE061E6860300058B500 /* ExerciseListDelegate.swift in Sources */ = {isa = PBXBuildFile; fileRef = 5021EE051E6860300058B500 /* ExerciseListDelegate.swift */; };
		5021EE081E68603A0058B500 /* ExerciseListDataSource.swift in Sources */ = {isa = PBXBuildFile; fileRef = 5021EE071E68603A0058B500 /* ExerciseListDataSource.swift */; };
		5021EE0A1E6863660058B500 /* Exercise.swift in Sources */ = {isa = PBXBuildFile; fileRef = 5021EE091E6863660058B500 /* Exercise.swift */; };
		50276FA21E4A2AE4006CBAC0 /* SingleArticleViewController.swift in Sources */ = {isa = PBXBuildFile; fileRef = 50276FA11E4A2AE4006CBAC0 /* SingleArticleViewController.swift */; };
		502C55B41E71A4F2003D8B0D /* UIViewExtension.swift in Sources */ = {isa = PBXBuildFile; fileRef = 502C55B31E71A4F2003D8B0D /* UIViewExtension.swift */; };
		503B73B01E549E3B005838CC /* CategoryPopOverViewController.swift in Sources */ = {isa = PBXBuildFile; fileRef = 503B73AF1E549E3B005838CC /* CategoryPopOverViewController.swift */; };
		504209851E55D912005AC8D4 /* Constant.swift in Sources */ = {isa = PBXBuildFile; fileRef = 504209841E55D912005AC8D4 /* Constant.swift */; };
		504209881E55DF79005AC8D4 /* Article.swift in Sources */ = {isa = PBXBuildFile; fileRef = 504209871E55DF79005AC8D4 /* Article.swift */; };
		5042098B1E55E00F005AC8D4 /* CategoryViewDataSource.swift in Sources */ = {isa = PBXBuildFile; fileRef = 504209891E55E00F005AC8D4 /* CategoryViewDataSource.swift */; };
		5042098C1E55E00F005AC8D4 /* CategoryViewDelegate.swift in Sources */ = {isa = PBXBuildFile; fileRef = 5042098A1E55E00F005AC8D4 /* CategoryViewDelegate.swift */; };
		504278031E49AC6500D062DF /* RecentViewController.swift in Sources */ = {isa = PBXBuildFile; fileRef = 504278021E49AC6500D062DF /* RecentViewController.swift */; };
		504278051E49ACE900D062DF /* RecentCollectionViewDelegate.swift in Sources */ = {isa = PBXBuildFile; fileRef = 504278041E49ACE900D062DF /* RecentCollectionViewDelegate.swift */; };
		504278071E49AE2A00D062DF /* RecentCollectionViewDataSource.swift in Sources */ = {isa = PBXBuildFile; fileRef = 504278061E49AE2A00D062DF /* RecentCollectionViewDataSource.swift */; };
		5052D93A1E6C2EC3000784DD /* UIScrollView.swift in Sources */ = {isa = PBXBuildFile; fileRef = 5052D9391E6C2EC3000784DD /* UIScrollView.swift */; };
		5052D93D1E6C4A43000784DD /* calves.png in Resources */ = {isa = PBXBuildFile; fileRef = 5052D93B1E6C4A43000784DD /* calves.png */; };
		5052D93E1E6C4A43000784DD /* forearm.png in Resources */ = {isa = PBXBuildFile; fileRef = 5052D93C1E6C4A43000784DD /* forearm.png */; };
		5052D9401E6C59AF000784DD /* ExercisePhotosDataSource.swift in Sources */ = {isa = PBXBuildFile; fileRef = 5052D93F1E6C59AF000784DD /* ExercisePhotosDataSource.swift */; };
		5052D9421E6C59B9000784DD /* ExercisePhotosDelegate.swift in Sources */ = {isa = PBXBuildFile; fileRef = 5052D9411E6C59B9000784DD /* ExercisePhotosDelegate.swift */; };
		5052D9451E6CDF36000784DD /* WKWebView.swift in Sources */ = {isa = PBXBuildFile; fileRef = 5052D9441E6CDF36000784DD /* WKWebView.swift */; };
		5069FA3C1E7255F600188777 /* GoogleService-Info.plist in Resources */ = {isa = PBXBuildFile; fileRef = 5069FA3B1E7255F600188777 /* GoogleService-Info.plist */; };
		5069FA3D1E72562000188777 /* GoogleService-Info.plist in Resources */ = {isa = PBXBuildFile; fileRef = 5069FA3B1E7255F600188777 /* GoogleService-Info.plist */; };
		5072896C1E758F020099862F /* BodyPartAnatomyWebViewController.swift in Sources */ = {isa = PBXBuildFile; fileRef = 5072896B1E758F020099862F /* BodyPartAnatomyWebViewController.swift */; };
		5079F5BB1E65A5DC002B50B1 /* StringScore.swift in Sources */ = {isa = PBXBuildFile; fileRef = 5079F5BA1E65A5DC002B50B1 /* StringScore.swift */; };
		507F54901E58563C006E296B /* RecentArticleCell.swift in Sources */ = {isa = PBXBuildFile; fileRef = 507F548A1E58563C006E296B /* RecentArticleCell.swift */; };
		507F54911E58563C006E296B /* RecentArticleCell.xib in Resources */ = {isa = PBXBuildFile; fileRef = 507F548B1E58563C006E296B /* RecentArticleCell.xib */; };
		507F54921E58563C006E296B /* CategoryArticleCell.swift in Sources */ = {isa = PBXBuildFile; fileRef = 507F548C1E58563C006E296B /* CategoryArticleCell.swift */; };
		507F54931E58563C006E296B /* CategoryArticleCell.xib in Resources */ = {isa = PBXBuildFile; fileRef = 507F548D1E58563C006E296B /* CategoryArticleCell.xib */; };
		507F54941E58563C006E296B /* SmallArticleCell.swift in Sources */ = {isa = PBXBuildFile; fileRef = 507F548E1E58563C006E296B /* SmallArticleCell.swift */; };
		507F54951E58563C006E296B /* SmallArticleCell.xib in Resources */ = {isa = PBXBuildFile; fileRef = 507F548F1E58563C006E296B /* SmallArticleCell.xib */; };
		507F54991E585FF4006E296B /* ArticleCell.swift in Sources */ = {isa = PBXBuildFile; fileRef = 507F54981E585FF4006E296B /* ArticleCell.swift */; };
		508CAB461E72F6C3005BD1FB /* FireBaseArticleManager.swift in Sources */ = {isa = PBXBuildFile; fileRef = 508CAB451E72F6C3005BD1FB /* FireBaseArticleManager.swift */; };
		508CAB481E7330D8005BD1FB /* HTMLGenerator.swift in Sources */ = {isa = PBXBuildFile; fileRef = 508CAB471E7330D8005BD1FB /* HTMLGenerator.swift */; };
		508CAB4B1E733147005BD1FB /* article_base_prefix.txt in Resources */ = {isa = PBXBuildFile; fileRef = 508CAB491E733147005BD1FB /* article_base_prefix.txt */; };
		508CAB4C1E733147005BD1FB /* article_base_suffix.txt in Resources */ = {isa = PBXBuildFile; fileRef = 508CAB4A1E733147005BD1FB /* article_base_suffix.txt */; };
		50951D271E735650009C34A3 /* String.swift in Sources */ = {isa = PBXBuildFile; fileRef = 50951D261E735650009C34A3 /* String.swift */; };
		50A67F781E472C4700E463F7 /* Utils.h in Headers */ = {isa = PBXBuildFile; fileRef = 50A67F761E472C4700E463F7 /* Utils.h */; settings = {ATTRIBUTES = (Public, ); }; };
		50A67F7B1E472C4700E463F7 /* Utils.framework in Frameworks */ = {isa = PBXBuildFile; fileRef = 50A67F741E472C4700E463F7 /* Utils.framework */; };
		50A67F7C1E472C4700E463F7 /* Utils.framework in Embed Frameworks */ = {isa = PBXBuildFile; fileRef = 50A67F741E472C4700E463F7 /* Utils.framework */; settings = {ATTRIBUTES = (CodeSignOnCopy, RemoveHeadersOnCopy, ); }; };
		50A67F9E1E472C5700E463F7 /* CGFloat.swift in Sources */ = {isa = PBXBuildFile; fileRef = 50A67F821E472C5700E463F7 /* CGFloat.swift */; };
		50A67F9F1E472C5700E463F7 /* CGPoint.swift in Sources */ = {isa = PBXBuildFile; fileRef = 50A67F831E472C5700E463F7 /* CGPoint.swift */; };
		50A67FA01E472C5700E463F7 /* CGRect.swift in Sources */ = {isa = PBXBuildFile; fileRef = 50A67F841E472C5700E463F7 /* CGRect.swift */; };
		50A67FA11E472C5700E463F7 /* CGSize.swift in Sources */ = {isa = PBXBuildFile; fileRef = 50A67F851E472C5700E463F7 /* CGSize.swift */; };
		50A67FA21E472C5700E463F7 /* CGVector.swift in Sources */ = {isa = PBXBuildFile; fileRef = 50A67F861E472C5700E463F7 /* CGVector.swift */; };
		50A67FA31E472C5700E463F7 /* Array.swift in Sources */ = {isa = PBXBuildFile; fileRef = 50A67F881E472C5700E463F7 /* Array.swift */; };
		50A67FA41E472C5700E463F7 /* Functional.swift in Sources */ = {isa = PBXBuildFile; fileRef = 50A67F891E472C5700E463F7 /* Functional.swift */; };
		50A67FA51E472C5700E463F7 /* GKGraphNode2D.swift in Sources */ = {isa = PBXBuildFile; fileRef = 50A67F8B1E472C5700E463F7 /* GKGraphNode2D.swift */; };
		50A67FA61E472C5700E463F7 /* SKNode.swift in Sources */ = {isa = PBXBuildFile; fileRef = 50A67F8D1E472C5700E463F7 /* SKNode.swift */; };
		50A67FA71E472C5700E463F7 /* SKSpriteNode.swift in Sources */ = {isa = PBXBuildFile; fileRef = 50A67F8E1E472C5700E463F7 /* SKSpriteNode.swift */; };
		50A67FA81E472C5700E463F7 /* SKTextureAtlas.swift in Sources */ = {isa = PBXBuildFile; fileRef = 50A67F8F1E472C5700E463F7 /* SKTextureAtlas.swift */; };
		50A67FA91E472C5700E463F7 /* Configuration.swift in Sources */ = {isa = PBXBuildFile; fileRef = 50A67F911E472C5700E463F7 /* Configuration.swift */; };
		50A67FAA1E472C5700E463F7 /* TouchView.swift in Sources */ = {isa = PBXBuildFile; fileRef = 50A67F921E472C5700E463F7 /* TouchView.swift */; };
		50A67FAB1E472C5700E463F7 /* TouchVisualizer.h in Headers */ = {isa = PBXBuildFile; fileRef = 50A67F931E472C5700E463F7 /* TouchVisualizer.h */; };
		50A67FAC1E472C5700E463F7 /* UIWindow+Swizzle.swift in Sources */ = {isa = PBXBuildFile; fileRef = 50A67F941E472C5700E463F7 /* UIWindow+Swizzle.swift */; };
		50A67FAD1E472C5700E463F7 /* Visualizer.swift in Sources */ = {isa = PBXBuildFile; fileRef = 50A67F951E472C5700E463F7 /* Visualizer.swift */; };
		50A67FAE1E472C5700E463F7 /* GifUIImageView.swift in Sources */ = {isa = PBXBuildFile; fileRef = 50A67F971E472C5700E463F7 /* GifUIImageView.swift */; };
		50A67FAF1E472C5700E463F7 /* UIButton.swift in Sources */ = {isa = PBXBuildFile; fileRef = 50A67F981E472C5700E463F7 /* UIButton.swift */; };
		50A67FB01E472C5700E463F7 /* UIColor.swift in Sources */ = {isa = PBXBuildFile; fileRef = 50A67F991E472C5700E463F7 /* UIColor.swift */; };
		50A67FB11E472C5700E463F7 /* UIColorExtension.swift in Sources */ = {isa = PBXBuildFile; fileRef = 50A67F9A1E472C5700E463F7 /* UIColorExtension.swift */; };
		50A67FB21E472C5700E463F7 /* UIImage.swift in Sources */ = {isa = PBXBuildFile; fileRef = 50A67F9B1E472C5700E463F7 /* UIImage.swift */; };
		50A67FB31E472C5700E463F7 /* UIImageView.swift in Sources */ = {isa = PBXBuildFile; fileRef = 50A67F9C1E472C5700E463F7 /* UIImageView.swift */; };
		50A67FB41E472C5700E463F7 /* UIView.swift in Sources */ = {isa = PBXBuildFile; fileRef = 50A67F9D1E472C5700E463F7 /* UIView.swift */; };
		50AF24AA1E5C823B00453512 /* DatabaseManager.swift in Sources */ = {isa = PBXBuildFile; fileRef = 50AF24A91E5C823B00453512 /* DatabaseManager.swift */; };
		50AF24AC1E5C827200453512 /* ArticleCategory.swift in Sources */ = {isa = PBXBuildFile; fileRef = 50AF24AB1E5C827200453512 /* ArticleCategory.swift */; };
		50AF4C651E48D78000E8EF8A /* EZLeanTabBarViewController.swift in Sources */ = {isa = PBXBuildFile; fileRef = 50AF4C631E48D78000E8EF8A /* EZLeanTabBarViewController.swift */; };
		50AF4C6F1E48FE2300E8EF8A /* Articles.storyboard in Resources */ = {isa = PBXBuildFile; fileRef = 50AF4C681E48FE2300E8EF8A /* Articles.storyboard */; };
		50AF4C701E48FE2300E8EF8A /* Tools.storyboard in Resources */ = {isa = PBXBuildFile; fileRef = 50AF4C6A1E48FE2300E8EF8A /* Tools.storyboard */; };
		50AF4C711E48FE2300E8EF8A /* Exercises.storyboard in Resources */ = {isa = PBXBuildFile; fileRef = 50AF4C6C1E48FE2300E8EF8A /* Exercises.storyboard */; };
		50AF4C721E48FE2300E8EF8A /* Coaches.storyboard in Resources */ = {isa = PBXBuildFile; fileRef = 50AF4C6E1E48FE2300E8EF8A /* Coaches.storyboard */; };
		50B1E5321E734DC40008F547 /* ExercisesManager.swift in Sources */ = {isa = PBXBuildFile; fileRef = 50B1E5311E734DC40008F547 /* ExercisesManager.swift */; };
		50B6CBC61E5776250064291C /* SearchViewDataSource.swift in Sources */ = {isa = PBXBuildFile; fileRef = 50B6CBC51E5776250064291C /* SearchViewDataSource.swift */; };
		50B6CBC81E5777400064291C /* SearchViewDelegate.swift in Sources */ = {isa = PBXBuildFile; fileRef = 50B6CBC71E5777400064291C /* SearchViewDelegate.swift */; };
		50B7C0EB1E6BF02200C7DD76 /* BodyPart.swift in Sources */ = {isa = PBXBuildFile; fileRef = 50B7C0EA1E6BF02200C7DD76 /* BodyPart.swift */; };
		50B7C0F51E6BF33E00C7DD76 /* lats.png in Resources */ = {isa = PBXBuildFile; fileRef = 50B7C0EE1E6BF33E00C7DD76 /* lats.png */; };
		50B7C0F61E6BF33E00C7DD76 /* biceps.png in Resources */ = {isa = PBXBuildFile; fileRef = 50B7C0EF1E6BF33E00C7DD76 /* biceps.png */; };
		50B7C0F71E6BF33E00C7DD76 /* chest.png in Resources */ = {isa = PBXBuildFile; fileRef = 50B7C0F01E6BF33E00C7DD76 /* chest.png */; };
		50B7C0F81E6BF33E00C7DD76 /* core.png in Resources */ = {isa = PBXBuildFile; fileRef = 50B7C0F11E6BF33E00C7DD76 /* core.png */; };
		50B7C0F91E6BF33E00C7DD76 /* leg.png in Resources */ = {isa = PBXBuildFile; fileRef = 50B7C0F21E6BF33E00C7DD76 /* leg.png */; };
		50B7C0FA1E6BF33E00C7DD76 /* shoulder.png in Resources */ = {isa = PBXBuildFile; fileRef = 50B7C0F31E6BF33E00C7DD76 /* shoulder.png */; };
		50B7C0FB1E6BF33E00C7DD76 /* triceps.png in Resources */ = {isa = PBXBuildFile; fileRef = 50B7C0F41E6BF33E00C7DD76 /* triceps.png */; };
		50B7C1021E6C096400C7DD76 /* glute.png in Resources */ = {isa = PBXBuildFile; fileRef = 50B7C1001E6C096400C7DD76 /* glute.png */; };
		50B7C1031E6C096400C7DD76 /* hamstring.png in Resources */ = {isa = PBXBuildFile; fileRef = 50B7C1011E6C096400C7DD76 /* hamstring.png */; };
		50B7C1061E6C0AC100C7DD76 /* ExerciseViewController.swift in Sources */ = {isa = PBXBuildFile; fileRef = 50B7C1051E6C0AC100C7DD76 /* ExerciseViewController.swift */; };
		50E947C71E55F3ED00AEFEC4 /* SearchViewController.swift in Sources */ = {isa = PBXBuildFile; fileRef = 50E947C61E55F3ED00AEFEC4 /* SearchViewController.swift */; };
		50F521A91E5D390300275564 /* ArticlesManager.swift in Sources */ = {isa = PBXBuildFile; fileRef = 50F521A81E5D390300275564 /* ArticlesManager.swift */; };
		50FDA4D11E6DAC9D001356ED /* ExerciseListHeader.swift in Sources */ = {isa = PBXBuildFile; fileRef = 50FDA4D01E6DAC9D001356ED /* ExerciseListHeader.swift */; };
		50FDA4D31E6DACB2001356ED /* ExerciseListHeader.xib in Resources */ = {isa = PBXBuildFile; fileRef = 50FDA4D21E6DACB2001356ED /* ExerciseListHeader.xib */; };
		50FEF9321E4EA23A00308CCA /* EZLeanNavigationController.swift in Sources */ = {isa = PBXBuildFile; fileRef = 50FEF9311E4EA23A00308CCA /* EZLeanNavigationController.swift */; };
		AE41D70772DC3AE06D329054 /* Pods_E_Z_Lean.framework in Frameworks */ = {isa = PBXBuildFile; fileRef = FB6B1D2003A8D42E46A6F7CA /* Pods_E_Z_Lean.framework */; };
		F123ED4F1E68CFEC000D24BD /* Deadlift.png in Resources */ = {isa = PBXBuildFile; fileRef = F123ED4C1E68CFEC000D24BD /* Deadlift.png */; };
		F123ED501E68CFEC000D24BD /* Food.png in Resources */ = {isa = PBXBuildFile; fileRef = F123ED4D1E68CFEC000D24BD /* Food.png */; };
		F123ED511E68CFEC000D24BD /* Squat.png in Resources */ = {isa = PBXBuildFile; fileRef = F123ED4E1E68CFEC000D24BD /* Squat.png */; };
		F12644DB1E4B7B0600C5D33C /* WilksCalculatorViewController.swift in Sources */ = {isa = PBXBuildFile; fileRef = F12644DA1E4B7B0600C5D33C /* WilksCalculatorViewController.swift */; };
		F1335C9D1E6D866D00DFCA6B /* ModelViewControllerUtils.swift in Sources */ = {isa = PBXBuildFile; fileRef = F1335C9C1E6D866D00DFCA6B /* ModelViewControllerUtils.swift */; };
		F164A41F1E4F621A0084F6B3 /* TDEECalculatorViewController.swift in Sources */ = {isa = PBXBuildFile; fileRef = F164A41E1E4F621A0084F6B3 /* TDEECalculatorViewController.swift */; };
		F1910DF61E6F346F000AE150 /* CircleTransition.swift in Sources */ = {isa = PBXBuildFile; fileRef = F1910DF51E6F346F000AE150 /* CircleTransition.swift */; };
		F1AF670B1E7359AA005FC6C9 /* MusicPlayerViewController.swift in Sources */ = {isa = PBXBuildFile; fileRef = F1AF670A1E7359AA005FC6C9 /* MusicPlayerViewController.swift */; };
		F1AF670E1E737C0E005FC6C9 /* SongViewCell.swift in Sources */ = {isa = PBXBuildFile; fileRef = F1AF670C1E737C0E005FC6C9 /* SongViewCell.swift */; };
		F1AF670F1E737C0E005FC6C9 /* SongViewCell.xib in Resources */ = {isa = PBXBuildFile; fileRef = F1AF670D1E737C0E005FC6C9 /* SongViewCell.xib */; };
		F1B1FC1D1E731D24006FA8DA /* ListSongViewController.swift in Sources */ = {isa = PBXBuildFile; fileRef = F1B1FC1C1E731D24006FA8DA /* ListSongViewController.swift */; };
		F1B1FC1F1E731E37006FA8DA /* Song.swift in Sources */ = {isa = PBXBuildFile; fileRef = F1B1FC1E1E731E37006FA8DA /* Song.swift */; };
		F1B1FC211E732025006FA8DA /* StringUtils.swift in Sources */ = {isa = PBXBuildFile; fileRef = F1B1FC201E732025006FA8DA /* StringUtils.swift */; };
		F1B1FC231E73229A006FA8DA /* ListSongTableViewCell.swift in Sources */ = {isa = PBXBuildFile; fileRef = F1B1FC221E73229A006FA8DA /* ListSongTableViewCell.swift */; };
		F1B1FC251E7324E2006FA8DA /* MyUtils.swift in Sources */ = {isa = PBXBuildFile; fileRef = F1B1FC241E7324E2006FA8DA /* MyUtils.swift */; };
		F1B1FC271E732B75006FA8DA /* TestView.xib in Resources */ = {isa = PBXBuildFile; fileRef = F1B1FC261E732B75006FA8DA /* TestView.xib */; };
		F1B1FC291E732C32006FA8DA /* TestView.swift in Sources */ = {isa = PBXBuildFile; fileRef = F1B1FC281E732C32006FA8DA /* TestView.swift */; };
		F1B5C5261E697878006BB375 /* CombinedShape.png in Resources */ = {isa = PBXBuildFile; fileRef = F1B5C5251E697878006BB375 /* CombinedShape.png */; };
		F1B5C5281E697AFF006BB375 /* back_icon.png in Resources */ = {isa = PBXBuildFile; fileRef = F1B5C5271E697AFF006BB375 /* back_icon.png */; };
		F1D8333D1E47871F00772F42 /* ToolViewController.swift in Sources */ = {isa = PBXBuildFile; fileRef = F1D8333C1E47871F00772F42 /* ToolViewController.swift */; };
		F1D8333F1E478D2600772F42 /* OneRMCalculatorViewController.swift in Sources */ = {isa = PBXBuildFile; fileRef = F1D8333E1E478D2600772F42 /* OneRMCalculatorViewController.swift */; };
		F1D833411E478F2D00772F42 /* StringToDouble.swift in Sources */ = {isa = PBXBuildFile; fileRef = F1D833401E478F2D00772F42 /* StringToDouble.swift */; };
		F1D94C481E744CB300B6B42F /* PlayerMusicView.xib in Resources */ = {isa = PBXBuildFile; fileRef = F1D94C471E744CB300B6B42F /* PlayerMusicView.xib */; };
		F1EB919E1E71D1B30078A407 /* next.png in Resources */ = {isa = PBXBuildFile; fileRef = F1EB919D1E71D1B30078A407 /* next.png */; };
		F1EB91A01E71D1BC0078A407 /* back.png in Resources */ = {isa = PBXBuildFile; fileRef = F1EB919F1E71D1BC0078A407 /* back.png */; };
/* End PBXBuildFile section */

/* Begin PBXContainerItemProxy section */
		50A67F791E472C4700E463F7 /* PBXContainerItemProxy */ = {
			isa = PBXContainerItemProxy;
			containerPortal = 50062A111E470D61002BDE90 /* Project object */;
			proxyType = 1;
			remoteGlobalIDString = 50A67F731E472C4700E463F7;
			remoteInfo = Utils;
		};
/* End PBXContainerItemProxy section */

/* Begin PBXCopyFilesBuildPhase section */
		50A67F801E472C4700E463F7 /* Embed Frameworks */ = {
			isa = PBXCopyFilesBuildPhase;
			buildActionMask = 2147483647;
			dstPath = "";
			dstSubfolderSpec = 10;
			files = (
				50A67F7C1E472C4700E463F7 /* Utils.framework in Embed Frameworks */,
			);
			name = "Embed Frameworks";
			runOnlyForDeploymentPostprocessing = 0;
		};
/* End PBXCopyFilesBuildPhase section */

/* Begin PBXFileReference section */
		2DEEA4E248901C2A1F0489EB /* Pods-E.Z Lean.debug.xcconfig */ = {isa = PBXFileReference; includeInIndex = 1; lastKnownFileType = text.xcconfig; name = "Pods-E.Z Lean.debug.xcconfig"; path = "Pods/Target Support Files/Pods-E.Z Lean/Pods-E.Z Lean.debug.xcconfig"; sourceTree = "<group>"; };
		50062A191E470D62002BDE90 /* E.Z Lean.app */ = {isa = PBXFileReference; explicitFileType = wrapper.application; includeInIndex = 0; path = "E.Z Lean.app"; sourceTree = BUILT_PRODUCTS_DIR; };
		50062A1C1E470D62002BDE90 /* AppDelegate.swift */ = {isa = PBXFileReference; lastKnownFileType = sourcecode.swift; path = AppDelegate.swift; sourceTree = "<group>"; };
		50062A1E1E470D62002BDE90 /* ViewController.swift */ = {isa = PBXFileReference; lastKnownFileType = sourcecode.swift; path = ViewController.swift; sourceTree = "<group>"; };
		50062A211E470D62002BDE90 /* Base */ = {isa = PBXFileReference; lastKnownFileType = file.storyboard; name = Base; path = Base.lproj/Main.storyboard; sourceTree = "<group>"; };
		50062A231E470D62002BDE90 /* Assets.xcassets */ = {isa = PBXFileReference; lastKnownFileType = folder.assetcatalog; path = Assets.xcassets; sourceTree = "<group>"; };
		50062A261E470D62002BDE90 /* Base */ = {isa = PBXFileReference; lastKnownFileType = file.storyboard; name = Base; path = Base.lproj/LaunchScreen.storyboard; sourceTree = "<group>"; };
		50062A281E470D62002BDE90 /* Info.plist */ = {isa = PBXFileReference; lastKnownFileType = text.plist.xml; path = Info.plist; sourceTree = "<group>"; };
		500F09591E752BBC004C7270 /* TutorialPageViewController.swift */ = {isa = PBXFileReference; fileEncoding = 4; lastKnownFileType = sourcecode.swift; path = TutorialPageViewController.swift; sourceTree = "<group>"; };
		500F095B1E753DDA004C7270 /* TutorialContainerViewController.swift */ = {isa = PBXFileReference; fileEncoding = 4; lastKnownFileType = sourcecode.swift; path = TutorialContainerViewController.swift; sourceTree = "<group>"; };
		500F095D1E753FA7004C7270 /* FirstTutorialViewController.swift */ = {isa = PBXFileReference; fileEncoding = 4; lastKnownFileType = sourcecode.swift; path = FirstTutorialViewController.swift; sourceTree = "<group>"; };
		500F09621E755855004C7270 /* Long Press.gif */ = {isa = PBXFileReference; lastKnownFileType = image.gif; path = "Long Press.gif"; sourceTree = "<group>"; };
		500F09631E755855004C7270 /* Tap.gif */ = {isa = PBXFileReference; lastKnownFileType = image.gif; path = Tap.gif; sourceTree = "<group>"; };
		500F09641E755855004C7270 /* Zoom.gif */ = {isa = PBXFileReference; lastKnownFileType = image.gif; path = Zoom.gif; sourceTree = "<group>"; };
		500F09681E755DDC004C7270 /* Anatomy.swift */ = {isa = PBXFileReference; fileEncoding = 4; lastKnownFileType = sourcecode.swift; path = Anatomy.swift; sourceTree = "<group>"; };
		500F096A1E75603E004C7270 /* AnatomyManager.swift */ = {isa = PBXFileReference; fileEncoding = 4; lastKnownFileType = sourcecode.swift; path = AnatomyManager.swift; sourceTree = "<group>"; };
		500F096C1E757B33004C7270 /* anatomy_prefix.txt */ = {isa = PBXFileReference; fileEncoding = 4; lastKnownFileType = text; name = anatomy_prefix.txt; path = ../../../anatomy_prefix.txt; sourceTree = "<group>"; };
		500F096D1E757B33004C7270 /* anatomy_suffix.txt */ = {isa = PBXFileReference; fileEncoding = 4; lastKnownFileType = text; name = anatomy_suffix.txt; path = ../../../anatomy_suffix.txt; sourceTree = "<group>"; };
		500F09711E7587E3004C7270 /* BodyPartAnatomyViewController.swift */ = {isa = PBXFileReference; fileEncoding = 4; lastKnownFileType = sourcecode.swift; path = BodyPartAnatomyViewController.swift; sourceTree = "<group>"; };
		500F09731E758963004C7270 /* BodyPartAnatomyCell.swift */ = {isa = PBXFileReference; fileEncoding = 4; lastKnownFileType = sourcecode.swift; path = BodyPartAnatomyCell.swift; sourceTree = "<group>"; };
		500F09741E758963004C7270 /* BodyPartAnatomyCell.xib */ = {isa = PBXFileReference; fileEncoding = 4; lastKnownFileType = file.xib; path = BodyPartAnatomyCell.xib; sourceTree = "<group>"; };
		501ABB4E1E68508B00562787 /* AnatomyViewController.swift */ = {isa = PBXFileReference; fileEncoding = 4; lastKnownFileType = sourcecode.swift; path = AnatomyViewController.swift; sourceTree = "<group>"; };
		501ABB4F1E68508B00562787 /* TouchableAnatomy+Function.swift */ = {isa = PBXFileReference; fileEncoding = 4; lastKnownFileType = sourcecode.swift; path = "TouchableAnatomy+Function.swift"; sourceTree = "<group>"; };
		501ABB501E68508B00562787 /* TouchableAnatomy.swift */ = {isa = PBXFileReference; fileEncoding = 4; lastKnownFileType = sourcecode.swift; path = TouchableAnatomy.swift; sourceTree = "<group>"; };
		501ABB571E6853C800562787 /* ExerciseListViewController.swift */ = {isa = PBXFileReference; fileEncoding = 4; lastKnownFileType = sourcecode.swift; path = ExerciseListViewController.swift; sourceTree = "<group>"; };
		501D61CE1E4CDC6C00E9C859 /* CategoryViewController.swift */ = {isa = PBXFileReference; fileEncoding = 4; lastKnownFileType = sourcecode.swift; path = CategoryViewController.swift; sourceTree = "<group>"; };
		5021EDFD1E6857890058B500 /* BaseCell.swift */ = {isa = PBXFileReference; fileEncoding = 4; lastKnownFileType = sourcecode.swift; path = BaseCell.swift; sourceTree = "<group>"; };
		5021EDFF1E68579A0058B500 /* BaseTableViewCell.swift */ = {isa = PBXFileReference; fileEncoding = 4; lastKnownFileType = sourcecode.swift; path = BaseTableViewCell.swift; sourceTree = "<group>"; };
		5021EE011E6857D80058B500 /* ExerciseListTableViewCell.swift */ = {isa = PBXFileReference; fileEncoding = 4; lastKnownFileType = sourcecode.swift; path = ExerciseListTableViewCell.swift; sourceTree = "<group>"; };
		5021EE021E6857D80058B500 /* ExerciseListTableViewCell.xib */ = {isa = PBXFileReference; fileEncoding = 4; lastKnownFileType = file.xib; path = ExerciseListTableViewCell.xib; sourceTree = "<group>"; };
		5021EE051E6860300058B500 /* ExerciseListDelegate.swift */ = {isa = PBXFileReference; fileEncoding = 4; lastKnownFileType = sourcecode.swift; path = ExerciseListDelegate.swift; sourceTree = "<group>"; };
		5021EE071E68603A0058B500 /* ExerciseListDataSource.swift */ = {isa = PBXFileReference; fileEncoding = 4; lastKnownFileType = sourcecode.swift; path = ExerciseListDataSource.swift; sourceTree = "<group>"; };
		5021EE091E6863660058B500 /* Exercise.swift */ = {isa = PBXFileReference; fileEncoding = 4; lastKnownFileType = sourcecode.swift; path = Exercise.swift; sourceTree = "<group>"; };
		50276FA11E4A2AE4006CBAC0 /* SingleArticleViewController.swift */ = {isa = PBXFileReference; fileEncoding = 4; lastKnownFileType = sourcecode.swift; path = SingleArticleViewController.swift; sourceTree = "<group>"; };
		502C55B31E71A4F2003D8B0D /* UIViewExtension.swift */ = {isa = PBXFileReference; fileEncoding = 4; lastKnownFileType = sourcecode.swift; path = UIViewExtension.swift; sourceTree = "<group>"; };
		503B73AF1E549E3B005838CC /* CategoryPopOverViewController.swift */ = {isa = PBXFileReference; fileEncoding = 4; lastKnownFileType = sourcecode.swift; path = CategoryPopOverViewController.swift; sourceTree = "<group>"; };
		504209841E55D912005AC8D4 /* Constant.swift */ = {isa = PBXFileReference; fileEncoding = 4; lastKnownFileType = sourcecode.swift; path = Constant.swift; sourceTree = "<group>"; };
		504209871E55DF79005AC8D4 /* Article.swift */ = {isa = PBXFileReference; fileEncoding = 4; lastKnownFileType = sourcecode.swift; path = Article.swift; sourceTree = "<group>"; };
		504209891E55E00F005AC8D4 /* CategoryViewDataSource.swift */ = {isa = PBXFileReference; fileEncoding = 4; lastKnownFileType = sourcecode.swift; path = CategoryViewDataSource.swift; sourceTree = "<group>"; };
		5042098A1E55E00F005AC8D4 /* CategoryViewDelegate.swift */ = {isa = PBXFileReference; fileEncoding = 4; lastKnownFileType = sourcecode.swift; path = CategoryViewDelegate.swift; sourceTree = "<group>"; };
		504278021E49AC6500D062DF /* RecentViewController.swift */ = {isa = PBXFileReference; fileEncoding = 4; lastKnownFileType = sourcecode.swift; path = RecentViewController.swift; sourceTree = "<group>"; };
		504278041E49ACE900D062DF /* RecentCollectionViewDelegate.swift */ = {isa = PBXFileReference; fileEncoding = 4; lastKnownFileType = sourcecode.swift; path = RecentCollectionViewDelegate.swift; sourceTree = "<group>"; };
		504278061E49AE2A00D062DF /* RecentCollectionViewDataSource.swift */ = {isa = PBXFileReference; fileEncoding = 4; lastKnownFileType = sourcecode.swift; path = RecentCollectionViewDataSource.swift; sourceTree = "<group>"; };
		5052D9391E6C2EC3000784DD /* UIScrollView.swift */ = {isa = PBXFileReference; fileEncoding = 4; lastKnownFileType = sourcecode.swift; path = UIScrollView.swift; sourceTree = "<group>"; };
		5052D93B1E6C4A43000784DD /* calves.png */ = {isa = PBXFileReference; lastKnownFileType = image.png; path = calves.png; sourceTree = "<group>"; };
		5052D93C1E6C4A43000784DD /* forearm.png */ = {isa = PBXFileReference; lastKnownFileType = image.png; path = forearm.png; sourceTree = "<group>"; };
		5052D93F1E6C59AF000784DD /* ExercisePhotosDataSource.swift */ = {isa = PBXFileReference; fileEncoding = 4; lastKnownFileType = sourcecode.swift; path = ExercisePhotosDataSource.swift; sourceTree = "<group>"; };
		5052D9411E6C59B9000784DD /* ExercisePhotosDelegate.swift */ = {isa = PBXFileReference; fileEncoding = 4; lastKnownFileType = sourcecode.swift; path = ExercisePhotosDelegate.swift; sourceTree = "<group>"; };
		5052D9441E6CDF36000784DD /* WKWebView.swift */ = {isa = PBXFileReference; fileEncoding = 4; lastKnownFileType = sourcecode.swift; path = WKWebView.swift; sourceTree = "<group>"; };
		5069FA3B1E7255F600188777 /* GoogleService-Info.plist */ = {isa = PBXFileReference; fileEncoding = 4; lastKnownFileType = text.plist.xml; path = "GoogleService-Info.plist"; sourceTree = "<group>"; };
		5072896B1E758F020099862F /* BodyPartAnatomyWebViewController.swift */ = {isa = PBXFileReference; fileEncoding = 4; lastKnownFileType = sourcecode.swift; path = BodyPartAnatomyWebViewController.swift; sourceTree = "<group>"; };
		5079F5BA1E65A5DC002B50B1 /* StringScore.swift */ = {isa = PBXFileReference; fileEncoding = 4; lastKnownFileType = sourcecode.swift; path = StringScore.swift; sourceTree = "<group>"; };
		507F548A1E58563C006E296B /* RecentArticleCell.swift */ = {isa = PBXFileReference; fileEncoding = 4; lastKnownFileType = sourcecode.swift; path = RecentArticleCell.swift; sourceTree = "<group>"; };
		507F548B1E58563C006E296B /* RecentArticleCell.xib */ = {isa = PBXFileReference; fileEncoding = 4; lastKnownFileType = file.xib; path = RecentArticleCell.xib; sourceTree = "<group>"; };
		507F548C1E58563C006E296B /* CategoryArticleCell.swift */ = {isa = PBXFileReference; fileEncoding = 4; lastKnownFileType = sourcecode.swift; path = CategoryArticleCell.swift; sourceTree = "<group>"; };
		507F548D1E58563C006E296B /* CategoryArticleCell.xib */ = {isa = PBXFileReference; fileEncoding = 4; lastKnownFileType = file.xib; path = CategoryArticleCell.xib; sourceTree = "<group>"; };
		507F548E1E58563C006E296B /* SmallArticleCell.swift */ = {isa = PBXFileReference; fileEncoding = 4; lastKnownFileType = sourcecode.swift; path = SmallArticleCell.swift; sourceTree = "<group>"; };
		507F548F1E58563C006E296B /* SmallArticleCell.xib */ = {isa = PBXFileReference; fileEncoding = 4; lastKnownFileType = file.xib; path = SmallArticleCell.xib; sourceTree = "<group>"; };
		507F54981E585FF4006E296B /* ArticleCell.swift */ = {isa = PBXFileReference; fileEncoding = 4; lastKnownFileType = sourcecode.swift; path = ArticleCell.swift; sourceTree = "<group>"; };
		508CAB451E72F6C3005BD1FB /* FireBaseArticleManager.swift */ = {isa = PBXFileReference; fileEncoding = 4; lastKnownFileType = sourcecode.swift; path = FireBaseArticleManager.swift; sourceTree = "<group>"; };
		508CAB471E7330D8005BD1FB /* HTMLGenerator.swift */ = {isa = PBXFileReference; fileEncoding = 4; lastKnownFileType = sourcecode.swift; path = HTMLGenerator.swift; sourceTree = "<group>"; };
		508CAB491E733147005BD1FB /* article_base_prefix.txt */ = {isa = PBXFileReference; fileEncoding = 4; lastKnownFileType = text; path = article_base_prefix.txt; sourceTree = "<group>"; };
		508CAB4A1E733147005BD1FB /* article_base_suffix.txt */ = {isa = PBXFileReference; fileEncoding = 4; lastKnownFileType = text; path = article_base_suffix.txt; sourceTree = "<group>"; };
		50951D261E735650009C34A3 /* String.swift */ = {isa = PBXFileReference; fileEncoding = 4; lastKnownFileType = sourcecode.swift; path = String.swift; sourceTree = "<group>"; };
		50A67F741E472C4700E463F7 /* Utils.framework */ = {isa = PBXFileReference; explicitFileType = wrapper.framework; includeInIndex = 0; path = Utils.framework; sourceTree = BUILT_PRODUCTS_DIR; };
		50A67F761E472C4700E463F7 /* Utils.h */ = {isa = PBXFileReference; lastKnownFileType = sourcecode.c.h; path = Utils.h; sourceTree = "<group>"; };
		50A67F771E472C4700E463F7 /* Info.plist */ = {isa = PBXFileReference; lastKnownFileType = text.plist.xml; path = Info.plist; sourceTree = "<group>"; };
		50A67F821E472C5700E463F7 /* CGFloat.swift */ = {isa = PBXFileReference; fileEncoding = 4; lastKnownFileType = sourcecode.swift; path = CGFloat.swift; sourceTree = "<group>"; };
		50A67F831E472C5700E463F7 /* CGPoint.swift */ = {isa = PBXFileReference; fileEncoding = 4; lastKnownFileType = sourcecode.swift; path = CGPoint.swift; sourceTree = "<group>"; };
		50A67F841E472C5700E463F7 /* CGRect.swift */ = {isa = PBXFileReference; fileEncoding = 4; lastKnownFileType = sourcecode.swift; path = CGRect.swift; sourceTree = "<group>"; };
		50A67F851E472C5700E463F7 /* CGSize.swift */ = {isa = PBXFileReference; fileEncoding = 4; lastKnownFileType = sourcecode.swift; path = CGSize.swift; sourceTree = "<group>"; };
		50A67F861E472C5700E463F7 /* CGVector.swift */ = {isa = PBXFileReference; fileEncoding = 4; lastKnownFileType = sourcecode.swift; path = CGVector.swift; sourceTree = "<group>"; };
		50A67F881E472C5700E463F7 /* Array.swift */ = {isa = PBXFileReference; fileEncoding = 4; lastKnownFileType = sourcecode.swift; path = Array.swift; sourceTree = "<group>"; };
		50A67F891E472C5700E463F7 /* Functional.swift */ = {isa = PBXFileReference; fileEncoding = 4; lastKnownFileType = sourcecode.swift; path = Functional.swift; sourceTree = "<group>"; };
		50A67F8B1E472C5700E463F7 /* GKGraphNode2D.swift */ = {isa = PBXFileReference; fileEncoding = 4; lastKnownFileType = sourcecode.swift; path = GKGraphNode2D.swift; sourceTree = "<group>"; };
		50A67F8D1E472C5700E463F7 /* SKNode.swift */ = {isa = PBXFileReference; fileEncoding = 4; lastKnownFileType = sourcecode.swift; path = SKNode.swift; sourceTree = "<group>"; };
		50A67F8E1E472C5700E463F7 /* SKSpriteNode.swift */ = {isa = PBXFileReference; fileEncoding = 4; lastKnownFileType = sourcecode.swift; path = SKSpriteNode.swift; sourceTree = "<group>"; };
		50A67F8F1E472C5700E463F7 /* SKTextureAtlas.swift */ = {isa = PBXFileReference; fileEncoding = 4; lastKnownFileType = sourcecode.swift; path = SKTextureAtlas.swift; sourceTree = "<group>"; };
		50A67F911E472C5700E463F7 /* Configuration.swift */ = {isa = PBXFileReference; fileEncoding = 4; lastKnownFileType = sourcecode.swift; path = Configuration.swift; sourceTree = "<group>"; };
		50A67F921E472C5700E463F7 /* TouchView.swift */ = {isa = PBXFileReference; fileEncoding = 4; lastKnownFileType = sourcecode.swift; path = TouchView.swift; sourceTree = "<group>"; };
		50A67F931E472C5700E463F7 /* TouchVisualizer.h */ = {isa = PBXFileReference; fileEncoding = 4; lastKnownFileType = sourcecode.c.h; path = TouchVisualizer.h; sourceTree = "<group>"; };
		50A67F941E472C5700E463F7 /* UIWindow+Swizzle.swift */ = {isa = PBXFileReference; fileEncoding = 4; lastKnownFileType = sourcecode.swift; path = "UIWindow+Swizzle.swift"; sourceTree = "<group>"; };
		50A67F951E472C5700E463F7 /* Visualizer.swift */ = {isa = PBXFileReference; fileEncoding = 4; lastKnownFileType = sourcecode.swift; path = Visualizer.swift; sourceTree = "<group>"; };
		50A67F971E472C5700E463F7 /* GifUIImageView.swift */ = {isa = PBXFileReference; fileEncoding = 4; lastKnownFileType = sourcecode.swift; path = GifUIImageView.swift; sourceTree = "<group>"; };
		50A67F981E472C5700E463F7 /* UIButton.swift */ = {isa = PBXFileReference; fileEncoding = 4; lastKnownFileType = sourcecode.swift; path = UIButton.swift; sourceTree = "<group>"; };
		50A67F991E472C5700E463F7 /* UIColor.swift */ = {isa = PBXFileReference; fileEncoding = 4; lastKnownFileType = sourcecode.swift; path = UIColor.swift; sourceTree = "<group>"; };
		50A67F9A1E472C5700E463F7 /* UIColorExtension.swift */ = {isa = PBXFileReference; fileEncoding = 4; lastKnownFileType = sourcecode.swift; path = UIColorExtension.swift; sourceTree = "<group>"; };
		50A67F9B1E472C5700E463F7 /* UIImage.swift */ = {isa = PBXFileReference; fileEncoding = 4; lastKnownFileType = sourcecode.swift; path = UIImage.swift; sourceTree = "<group>"; };
		50A67F9C1E472C5700E463F7 /* UIImageView.swift */ = {isa = PBXFileReference; fileEncoding = 4; lastKnownFileType = sourcecode.swift; path = UIImageView.swift; sourceTree = "<group>"; };
		50A67F9D1E472C5700E463F7 /* UIView.swift */ = {isa = PBXFileReference; fileEncoding = 4; lastKnownFileType = sourcecode.swift; path = UIView.swift; sourceTree = "<group>"; };
		50A67FB51E472C6400E463F7 /* Bridging-Header.h */ = {isa = PBXFileReference; fileEncoding = 4; lastKnownFileType = sourcecode.c.h; path = "Bridging-Header.h"; sourceTree = "<group>"; };
		50AF24A91E5C823B00453512 /* DatabaseManager.swift */ = {isa = PBXFileReference; fileEncoding = 4; lastKnownFileType = sourcecode.swift; path = DatabaseManager.swift; sourceTree = "<group>"; };
		50AF24AB1E5C827200453512 /* ArticleCategory.swift */ = {isa = PBXFileReference; fileEncoding = 4; lastKnownFileType = sourcecode.swift; path = ArticleCategory.swift; sourceTree = "<group>"; };
		50AF4C631E48D78000E8EF8A /* EZLeanTabBarViewController.swift */ = {isa = PBXFileReference; fileEncoding = 4; lastKnownFileType = sourcecode.swift; path = EZLeanTabBarViewController.swift; sourceTree = "<group>"; };
		50AF4C681E48FE2300E8EF8A /* Articles.storyboard */ = {isa = PBXFileReference; fileEncoding = 4; lastKnownFileType = file.storyboard; path = Articles.storyboard; sourceTree = "<group>"; };
		50AF4C6A1E48FE2300E8EF8A /* Tools.storyboard */ = {isa = PBXFileReference; fileEncoding = 4; lastKnownFileType = file.storyboard; path = Tools.storyboard; sourceTree = "<group>"; };
		50AF4C6C1E48FE2300E8EF8A /* Exercises.storyboard */ = {isa = PBXFileReference; fileEncoding = 4; lastKnownFileType = file.storyboard; path = Exercises.storyboard; sourceTree = "<group>"; };
		50AF4C6E1E48FE2300E8EF8A /* Coaches.storyboard */ = {isa = PBXFileReference; fileEncoding = 4; lastKnownFileType = file.storyboard; path = Coaches.storyboard; sourceTree = "<group>"; };
		50B1E5311E734DC40008F547 /* ExercisesManager.swift */ = {isa = PBXFileReference; fileEncoding = 4; lastKnownFileType = sourcecode.swift; path = ExercisesManager.swift; sourceTree = "<group>"; };
		50B6CBC51E5776250064291C /* SearchViewDataSource.swift */ = {isa = PBXFileReference; fileEncoding = 4; lastKnownFileType = sourcecode.swift; path = SearchViewDataSource.swift; sourceTree = "<group>"; };
		50B6CBC71E5777400064291C /* SearchViewDelegate.swift */ = {isa = PBXFileReference; fileEncoding = 4; lastKnownFileType = sourcecode.swift; path = SearchViewDelegate.swift; sourceTree = "<group>"; };
		50B7C0EA1E6BF02200C7DD76 /* BodyPart.swift */ = {isa = PBXFileReference; fileEncoding = 4; lastKnownFileType = sourcecode.swift; path = BodyPart.swift; sourceTree = "<group>"; };
		50B7C0EE1E6BF33E00C7DD76 /* lats.png */ = {isa = PBXFileReference; lastKnownFileType = image.png; path = lats.png; sourceTree = "<group>"; };
		50B7C0EF1E6BF33E00C7DD76 /* biceps.png */ = {isa = PBXFileReference; lastKnownFileType = image.png; path = biceps.png; sourceTree = "<group>"; };
		50B7C0F01E6BF33E00C7DD76 /* chest.png */ = {isa = PBXFileReference; lastKnownFileType = image.png; path = chest.png; sourceTree = "<group>"; };
		50B7C0F11E6BF33E00C7DD76 /* core.png */ = {isa = PBXFileReference; lastKnownFileType = image.png; path = core.png; sourceTree = "<group>"; };
		50B7C0F21E6BF33E00C7DD76 /* leg.png */ = {isa = PBXFileReference; lastKnownFileType = image.png; path = leg.png; sourceTree = "<group>"; };
		50B7C0F31E6BF33E00C7DD76 /* shoulder.png */ = {isa = PBXFileReference; lastKnownFileType = image.png; path = shoulder.png; sourceTree = "<group>"; };
		50B7C0F41E6BF33E00C7DD76 /* triceps.png */ = {isa = PBXFileReference; lastKnownFileType = image.png; path = triceps.png; sourceTree = "<group>"; };
		50B7C1001E6C096400C7DD76 /* glute.png */ = {isa = PBXFileReference; lastKnownFileType = image.png; path = glute.png; sourceTree = "<group>"; };
		50B7C1011E6C096400C7DD76 /* hamstring.png */ = {isa = PBXFileReference; lastKnownFileType = image.png; path = hamstring.png; sourceTree = "<group>"; };
		50B7C1051E6C0AC100C7DD76 /* ExerciseViewController.swift */ = {isa = PBXFileReference; fileEncoding = 4; lastKnownFileType = sourcecode.swift; path = ExerciseViewController.swift; sourceTree = "<group>"; };
		50E947C61E55F3ED00AEFEC4 /* SearchViewController.swift */ = {isa = PBXFileReference; fileEncoding = 4; lastKnownFileType = sourcecode.swift; path = SearchViewController.swift; sourceTree = "<group>"; };
		50F521A81E5D390300275564 /* ArticlesManager.swift */ = {isa = PBXFileReference; fileEncoding = 4; lastKnownFileType = sourcecode.swift; path = ArticlesManager.swift; sourceTree = "<group>"; };
		50FDA4D01E6DAC9D001356ED /* ExerciseListHeader.swift */ = {isa = PBXFileReference; fileEncoding = 4; lastKnownFileType = sourcecode.swift; path = ExerciseListHeader.swift; sourceTree = "<group>"; };
		50FDA4D21E6DACB2001356ED /* ExerciseListHeader.xib */ = {isa = PBXFileReference; fileEncoding = 4; lastKnownFileType = file.xib; path = ExerciseListHeader.xib; sourceTree = "<group>"; };
		50FEF9311E4EA23A00308CCA /* EZLeanNavigationController.swift */ = {isa = PBXFileReference; fileEncoding = 4; lastKnownFileType = sourcecode.swift; path = EZLeanNavigationController.swift; sourceTree = "<group>"; };
		C759D5717A307D8C0C10B92D /* Pods-E.Z Lean.release.xcconfig */ = {isa = PBXFileReference; includeInIndex = 1; lastKnownFileType = text.xcconfig; name = "Pods-E.Z Lean.release.xcconfig"; path = "Pods/Target Support Files/Pods-E.Z Lean/Pods-E.Z Lean.release.xcconfig"; sourceTree = "<group>"; };
		F123ED4C1E68CFEC000D24BD /* Deadlift.png */ = {isa = PBXFileReference; lastKnownFileType = image.png; path = Deadlift.png; sourceTree = "<group>"; };
		F123ED4D1E68CFEC000D24BD /* Food.png */ = {isa = PBXFileReference; lastKnownFileType = image.png; path = Food.png; sourceTree = "<group>"; };
		F123ED4E1E68CFEC000D24BD /* Squat.png */ = {isa = PBXFileReference; lastKnownFileType = image.png; path = Squat.png; sourceTree = "<group>"; };
		F12644DA1E4B7B0600C5D33C /* WilksCalculatorViewController.swift */ = {isa = PBXFileReference; fileEncoding = 4; lastKnownFileType = sourcecode.swift; path = WilksCalculatorViewController.swift; sourceTree = "<group>"; };
		F1335C9C1E6D866D00DFCA6B /* ModelViewControllerUtils.swift */ = {isa = PBXFileReference; fileEncoding = 4; lastKnownFileType = sourcecode.swift; path = ModelViewControllerUtils.swift; sourceTree = "<group>"; };
		F164A41E1E4F621A0084F6B3 /* TDEECalculatorViewController.swift */ = {isa = PBXFileReference; fileEncoding = 4; lastKnownFileType = sourcecode.swift; path = TDEECalculatorViewController.swift; sourceTree = "<group>"; };
		F1910DF51E6F346F000AE150 /* CircleTransition.swift */ = {isa = PBXFileReference; fileEncoding = 4; lastKnownFileType = sourcecode.swift; path = CircleTransition.swift; sourceTree = "<group>"; };
		F1AF670A1E7359AA005FC6C9 /* MusicPlayerViewController.swift */ = {isa = PBXFileReference; fileEncoding = 4; lastKnownFileType = sourcecode.swift; path = MusicPlayerViewController.swift; sourceTree = "<group>"; };
		F1AF670C1E737C0E005FC6C9 /* SongViewCell.swift */ = {isa = PBXFileReference; fileEncoding = 4; lastKnownFileType = sourcecode.swift; path = SongViewCell.swift; sourceTree = "<group>"; };
		F1AF670D1E737C0E005FC6C9 /* SongViewCell.xib */ = {isa = PBXFileReference; fileEncoding = 4; lastKnownFileType = file.xib; path = SongViewCell.xib; sourceTree = "<group>"; };
		F1B1FC1C1E731D24006FA8DA /* ListSongViewController.swift */ = {isa = PBXFileReference; fileEncoding = 4; lastKnownFileType = sourcecode.swift; path = ListSongViewController.swift; sourceTree = "<group>"; };
		F1B1FC1E1E731E37006FA8DA /* Song.swift */ = {isa = PBXFileReference; fileEncoding = 4; lastKnownFileType = sourcecode.swift; path = Song.swift; sourceTree = "<group>"; };
		F1B1FC201E732025006FA8DA /* StringUtils.swift */ = {isa = PBXFileReference; fileEncoding = 4; lastKnownFileType = sourcecode.swift; path = StringUtils.swift; sourceTree = "<group>"; };
		F1B1FC221E73229A006FA8DA /* ListSongTableViewCell.swift */ = {isa = PBXFileReference; fileEncoding = 4; lastKnownFileType = sourcecode.swift; path = ListSongTableViewCell.swift; sourceTree = "<group>"; };
		F1B1FC241E7324E2006FA8DA /* MyUtils.swift */ = {isa = PBXFileReference; fileEncoding = 4; lastKnownFileType = sourcecode.swift; path = MyUtils.swift; sourceTree = "<group>"; };
		F1B1FC261E732B75006FA8DA /* TestView.xib */ = {isa = PBXFileReference; fileEncoding = 4; lastKnownFileType = file.xib; path = TestView.xib; sourceTree = "<group>"; };
		F1B1FC281E732C32006FA8DA /* TestView.swift */ = {isa = PBXFileReference; fileEncoding = 4; lastKnownFileType = sourcecode.swift; path = TestView.swift; sourceTree = "<group>"; };
		F1B5C5251E697878006BB375 /* CombinedShape.png */ = {isa = PBXFileReference; lastKnownFileType = image.png; path = CombinedShape.png; sourceTree = "<group>"; };
		F1B5C5271E697AFF006BB375 /* back_icon.png */ = {isa = PBXFileReference; lastKnownFileType = image.png; path = back_icon.png; sourceTree = "<group>"; };
		F1D8333C1E47871F00772F42 /* ToolViewController.swift */ = {isa = PBXFileReference; fileEncoding = 4; lastKnownFileType = sourcecode.swift; path = ToolViewController.swift; sourceTree = "<group>"; };
		F1D8333E1E478D2600772F42 /* OneRMCalculatorViewController.swift */ = {isa = PBXFileReference; fileEncoding = 4; lastKnownFileType = sourcecode.swift; path = OneRMCalculatorViewController.swift; sourceTree = "<group>"; };
		F1D833401E478F2D00772F42 /* StringToDouble.swift */ = {isa = PBXFileReference; fileEncoding = 4; lastKnownFileType = sourcecode.swift; path = StringToDouble.swift; sourceTree = "<group>"; };
		F1D94C471E744CB300B6B42F /* PlayerMusicView.xib */ = {isa = PBXFileReference; fileEncoding = 4; lastKnownFileType = file.xib; path = PlayerMusicView.xib; sourceTree = "<group>"; };
		F1EB919D1E71D1B30078A407 /* next.png */ = {isa = PBXFileReference; lastKnownFileType = image.png; path = next.png; sourceTree = "<group>"; };
		F1EB919F1E71D1BC0078A407 /* back.png */ = {isa = PBXFileReference; lastKnownFileType = image.png; path = back.png; sourceTree = "<group>"; };
		FB6B1D2003A8D42E46A6F7CA /* Pods_E_Z_Lean.framework */ = {isa = PBXFileReference; explicitFileType = wrapper.framework; includeInIndex = 0; path = Pods_E_Z_Lean.framework; sourceTree = BUILT_PRODUCTS_DIR; };
/* End PBXFileReference section */

/* Begin PBXFrameworksBuildPhase section */
		50062A161E470D62002BDE90 /* Frameworks */ = {
			isa = PBXFrameworksBuildPhase;
			buildActionMask = 2147483647;
			files = (
				50A67F7B1E472C4700E463F7 /* Utils.framework in Frameworks */,
				AE41D70772DC3AE06D329054 /* Pods_E_Z_Lean.framework in Frameworks */,
			);
			runOnlyForDeploymentPostprocessing = 0;
		};
		50A67F701E472C4700E463F7 /* Frameworks */ = {
			isa = PBXFrameworksBuildPhase;
			buildActionMask = 2147483647;
			files = (
			);
			runOnlyForDeploymentPostprocessing = 0;
		};
/* End PBXFrameworksBuildPhase section */

/* Begin PBXGroup section */
		21A5109853C6D5120D24FD30 /* Frameworks */ = {
			isa = PBXGroup;
			children = (
				FB6B1D2003A8D42E46A6F7CA /* Pods_E_Z_Lean.framework */,
			);
			name = Frameworks;
			sourceTree = "<group>";
		};
		24E2E1540F16913B72D3512D /* Pods */ = {
			isa = PBXGroup;
			children = (
				2DEEA4E248901C2A1F0489EB /* Pods-E.Z Lean.debug.xcconfig */,
				C759D5717A307D8C0C10B92D /* Pods-E.Z Lean.release.xcconfig */,
			);
			name = Pods;
			sourceTree = "<group>";
		};
		50062A101E470D61002BDE90 = {
			isa = PBXGroup;
			children = (
				50A67FB51E472C6400E463F7 /* Bridging-Header.h */,
				50062A1B1E470D62002BDE90 /* E.Z Lean */,
				50A67F751E472C4700E463F7 /* Utils */,
				50062A1A1E470D62002BDE90 /* Products */,
				24E2E1540F16913B72D3512D /* Pods */,
				21A5109853C6D5120D24FD30 /* Frameworks */,
			);
			sourceTree = "<group>";
		};
		50062A1A1E470D62002BDE90 /* Products */ = {
			isa = PBXGroup;
			children = (
				50062A191E470D62002BDE90 /* E.Z Lean.app */,
				50A67F741E472C4700E463F7 /* Utils.framework */,
			);
			name = Products;
			sourceTree = "<group>";
		};
		50062A1B1E470D62002BDE90 /* E.Z Lean */ = {
			isa = PBXGroup;
			children = (
				50B7C0EC1E6BF33E00C7DD76 /* Images */,
				5079F5B81E65A5DC002B50B1 /* Libraries */,
				504209841E55D912005AC8D4 /* Constant.swift */,
				50062A1C1E470D62002BDE90 /* AppDelegate.swift */,
				50062A1E1E470D62002BDE90 /* ViewController.swift */,
				50062A201E470D62002BDE90 /* Main.storyboard */,
				5021EDFC1E6857890058B500 /* Abstract */,
				50AF24A81E5C823100453512 /* Database */,
				504209861E55DF79005AC8D4 /* Model */,
				50AF4C621E48D78000E8EF8A /* Tab Bar */,
				50A67FB61E472CC400E463F7 /* Screens */,
				50062A231E470D62002BDE90 /* Assets.xcassets */,
				50062A251E470D62002BDE90 /* LaunchScreen.storyboard */,
				5069FA3B1E7255F600188777 /* GoogleService-Info.plist */,
				50062A281E470D62002BDE90 /* Info.plist */,
			);
			path = "E.Z Lean";
			sourceTree = "<group>";
		};
		500F095F1E754096004C7270 /* Gif */ = {
			isa = PBXGroup;
			children = (
				500F09621E755855004C7270 /* Long Press.gif */,
				500F09631E755855004C7270 /* Tap.gif */,
				500F09641E755855004C7270 /* Zoom.gif */,
			);
			path = Gif;
			sourceTree = "<group>";
		};
		500F09701E7587C8004C7270 /* BodyPartAnatomyView */ = {
			isa = PBXGroup;
			children = (
				500F09711E7587E3004C7270 /* BodyPartAnatomyViewController.swift */,
				5072896B1E758F020099862F /* BodyPartAnatomyWebViewController.swift */,
			);
			path = BodyPartAnatomyView;
			sourceTree = "<group>";
		};
		501ABB4D1E68508B00562787 /* Touch Anatomy */ = {
			isa = PBXGroup;
			children = (
				501ABB4E1E68508B00562787 /* AnatomyViewController.swift */,
				501ABB4F1E68508B00562787 /* TouchableAnatomy+Function.swift */,
				501ABB501E68508B00562787 /* TouchableAnatomy.swift */,
			);
			name = "Touch Anatomy";
			path = Anatomy;
			sourceTree = "<group>";
		};
		501ABB561E6850AD00562787 /* ExerciseList */ = {
			isa = PBXGroup;
			children = (
				501ABB571E6853C800562787 /* ExerciseListViewController.swift */,
				5021EE051E6860300058B500 /* ExerciseListDelegate.swift */,
				5021EE071E68603A0058B500 /* ExerciseListDataSource.swift */,
			);
			path = ExerciseList;
			sourceTree = "<group>";
		};
		501D61CD1E4CD86300E9C859 /* Category */ = {
			isa = PBXGroup;
			children = (
				501D61CE1E4CDC6C00E9C859 /* CategoryViewController.swift */,
				504209891E55E00F005AC8D4 /* CategoryViewDataSource.swift */,
				5042098A1E55E00F005AC8D4 /* CategoryViewDelegate.swift */,
			);
			path = Category;
			sourceTree = "<group>";
		};
		5021EDF91E6857230058B500 /* Cells */ = {
			isa = PBXGroup;
			children = (
				5021EE011E6857D80058B500 /* ExerciseListTableViewCell.swift */,
				5021EE021E6857D80058B500 /* ExerciseListTableViewCell.xib */,
				50FDA4D01E6DAC9D001356ED /* ExerciseListHeader.swift */,
				50FDA4D21E6DACB2001356ED /* ExerciseListHeader.xib */,
				500F09731E758963004C7270 /* BodyPartAnatomyCell.swift */,
				500F09741E758963004C7270 /* BodyPartAnatomyCell.xib */,
			);
			path = Cells;
			sourceTree = "<group>";
		};
		5021EDFC1E6857890058B500 /* Abstract */ = {
			isa = PBXGroup;
			children = (
				5021EDFD1E6857890058B500 /* BaseCell.swift */,
				5021EDFF1E68579A0058B500 /* BaseTableViewCell.swift */,
			);
			path = Abstract;
			sourceTree = "<group>";
		};
		50276FA01E4A2AD1006CBAC0 /* Single Article */ = {
			isa = PBXGroup;
			children = (
				50276FA11E4A2AE4006CBAC0 /* SingleArticleViewController.swift */,
			);
			path = "Single Article";
			sourceTree = "<group>";
		};
		504209861E55DF79005AC8D4 /* Model */ = {
			isa = PBXGroup;
			children = (
				504209871E55DF79005AC8D4 /* Article.swift */,
				50AF24AB1E5C827200453512 /* ArticleCategory.swift */,
				5021EE091E6863660058B500 /* Exercise.swift */,
				500F09681E755DDC004C7270 /* Anatomy.swift */,
				50B7C0EA1E6BF02200C7DD76 /* BodyPart.swift */,
				508CAB471E7330D8005BD1FB /* HTMLGenerator.swift */,
				508CAB491E733147005BD1FB /* article_base_prefix.txt */,
				508CAB4A1E733147005BD1FB /* article_base_suffix.txt */,
				500F096C1E757B33004C7270 /* anatomy_prefix.txt */,
				500F096D1E757B33004C7270 /* anatomy_suffix.txt */,
			);
			path = Model;
			sourceTree = "<group>";
		};
		5052D9431E6CDF2A000784DD /* WebKit */ = {
			isa = PBXGroup;
			children = (
				5052D9441E6CDF36000784DD /* WKWebView.swift */,
			);
			path = WebKit;
			sourceTree = "<group>";
		};
		5079F5B81E65A5DC002B50B1 /* Libraries */ = {
			isa = PBXGroup;
			children = (
				5079F5B91E65A5DC002B50B1 /* StringScore */,
			);
			path = Libraries;
			sourceTree = "<group>";
		};
		5079F5B91E65A5DC002B50B1 /* StringScore */ = {
			isa = PBXGroup;
			children = (
				5079F5BA1E65A5DC002B50B1 /* StringScore.swift */,
			);
			path = StringScore;
			sourceTree = "<group>";
		};
		507F54891E585602006E296B /* Cells */ = {
			isa = PBXGroup;
			children = (
				507F54981E585FF4006E296B /* ArticleCell.swift */,
				507F548A1E58563C006E296B /* RecentArticleCell.swift */,
				507F548B1E58563C006E296B /* RecentArticleCell.xib */,
				507F548C1E58563C006E296B /* CategoryArticleCell.swift */,
				507F548D1E58563C006E296B /* CategoryArticleCell.xib */,
				507F548E1E58563C006E296B /* SmallArticleCell.swift */,
				507F548F1E58563C006E296B /* SmallArticleCell.xib */,
			);
			path = Cells;
			sourceTree = "<group>";
		};
		50A67F751E472C4700E463F7 /* Utils */ = {
			isa = PBXGroup;
			children = (
				50A67F811E472C5700E463F7 /* CoreGraphics */,
				50A67F871E472C5700E463F7 /* Foundation */,
				50A67F891E472C5700E463F7 /* Functional.swift */,
				50A67F8A1E472C5700E463F7 /* GameplayKit */,
				50A67F8C1E472C5700E463F7 /* SpriteKit */,
				50A67F901E472C5700E463F7 /* TouchVisualizer */,
				50A67F961E472C5700E463F7 /* UIKit */,
				5052D9431E6CDF2A000784DD /* WebKit */,
				50A67F761E472C4700E463F7 /* Utils.h */,
				50A67F771E472C4700E463F7 /* Info.plist */,
			);
			path = Utils;
			sourceTree = "<group>";
		};
		50A67F811E472C5700E463F7 /* CoreGraphics */ = {
			isa = PBXGroup;
			children = (
				50A67F821E472C5700E463F7 /* CGFloat.swift */,
				50A67F831E472C5700E463F7 /* CGPoint.swift */,
				50A67F841E472C5700E463F7 /* CGRect.swift */,
				50A67F851E472C5700E463F7 /* CGSize.swift */,
				50A67F861E472C5700E463F7 /* CGVector.swift */,
				F1D833401E478F2D00772F42 /* StringToDouble.swift */,
			);
			path = CoreGraphics;
			sourceTree = "<group>";
		};
		50A67F871E472C5700E463F7 /* Foundation */ = {
			isa = PBXGroup;
			children = (
				50A67F881E472C5700E463F7 /* Array.swift */,
				50951D261E735650009C34A3 /* String.swift */,
			);
			path = Foundation;
			sourceTree = "<group>";
		};
		50A67F8A1E472C5700E463F7 /* GameplayKit */ = {
			isa = PBXGroup;
			children = (
				50A67F8B1E472C5700E463F7 /* GKGraphNode2D.swift */,
			);
			path = GameplayKit;
			sourceTree = "<group>";
		};
		50A67F8C1E472C5700E463F7 /* SpriteKit */ = {
			isa = PBXGroup;
			children = (
				50A67F8D1E472C5700E463F7 /* SKNode.swift */,
				50A67F8E1E472C5700E463F7 /* SKSpriteNode.swift */,
				50A67F8F1E472C5700E463F7 /* SKTextureAtlas.swift */,
			);
			path = SpriteKit;
			sourceTree = "<group>";
		};
		50A67F901E472C5700E463F7 /* TouchVisualizer */ = {
			isa = PBXGroup;
			children = (
				50A67F911E472C5700E463F7 /* Configuration.swift */,
				50A67F921E472C5700E463F7 /* TouchView.swift */,
				50A67F931E472C5700E463F7 /* TouchVisualizer.h */,
				50A67F941E472C5700E463F7 /* UIWindow+Swizzle.swift */,
				50A67F951E472C5700E463F7 /* Visualizer.swift */,
			);
			path = TouchVisualizer;
			sourceTree = "<group>";
		};
		50A67F961E472C5700E463F7 /* UIKit */ = {
			isa = PBXGroup;
			children = (
				50A67F971E472C5700E463F7 /* GifUIImageView.swift */,
				50A67F981E472C5700E463F7 /* UIButton.swift */,
				50A67F991E472C5700E463F7 /* UIColor.swift */,
				50A67F9A1E472C5700E463F7 /* UIColorExtension.swift */,
				50A67F9B1E472C5700E463F7 /* UIImage.swift */,
				50A67F9C1E472C5700E463F7 /* UIImageView.swift */,
				50A67F9D1E472C5700E463F7 /* UIView.swift */,
				502C55B31E71A4F2003D8B0D /* UIViewExtension.swift */,
				5052D9391E6C2EC3000784DD /* UIScrollView.swift */,
			);
			path = UIKit;
			sourceTree = "<group>";
		};
		50A67FB61E472CC400E463F7 /* Screens */ = {
			isa = PBXGroup;
			children = (
				50AF4C671E48FE2300E8EF8A /* Articles */,
				50AF4C6B1E48FE2300E8EF8A /* Exercises */,
				50AF4C691E48FE2300E8EF8A /* Tools */,
				50AF4C6D1E48FE2300E8EF8A /* Contact */,
			);
			path = Screens;
			sourceTree = "<group>";
		};
		50AF24A81E5C823100453512 /* Database */ = {
			isa = PBXGroup;
			children = (
				50AF24A91E5C823B00453512 /* DatabaseManager.swift */,
				50F521A81E5D390300275564 /* ArticlesManager.swift */,
				50B1E5311E734DC40008F547 /* ExercisesManager.swift */,
				500F096A1E75603E004C7270 /* AnatomyManager.swift */,
				508CAB451E72F6C3005BD1FB /* FireBaseArticleManager.swift */,
			);
			path = Database;
			sourceTree = "<group>";
		};
		50AF4C621E48D78000E8EF8A /* Tab Bar */ = {
			isa = PBXGroup;
			children = (
				50AF4C631E48D78000E8EF8A /* EZLeanTabBarViewController.swift */,
				50FEF9311E4EA23A00308CCA /* EZLeanNavigationController.swift */,
			);
			path = "Tab Bar";
			sourceTree = "<group>";
		};
		50AF4C671E48FE2300E8EF8A /* Articles */ = {
			isa = PBXGroup;
			children = (
				50AF4C681E48FE2300E8EF8A /* Articles.storyboard */,
				507F54891E585602006E296B /* Cells */,
				50C8FA321E49A6C4009FF195 /* Recent */,
				50276FA01E4A2AD1006CBAC0 /* Single Article */,
				501D61CD1E4CD86300E9C859 /* Category */,
				50E947C51E55F3DA00AEFEC4 /* Search */,
			);
			path = Articles;
			sourceTree = "<group>";
		};
		50AF4C691E48FE2300E8EF8A /* Tools */ = {
			isa = PBXGroup;
			children = (
				F123ED4B1E68CFC0000D24BD /* image */,
				50AF4C6A1E48FE2300E8EF8A /* Tools.storyboard */,
				F1910DF51E6F346F000AE150 /* CircleTransition.swift */,
				F1D8333C1E47871F00772F42 /* ToolViewController.swift */,
				F1D8333E1E478D2600772F42 /* OneRMCalculatorViewController.swift */,
				F164A41E1E4F621A0084F6B3 /* TDEECalculatorViewController.swift */,
				F12644DA1E4B7B0600C5D33C /* WilksCalculatorViewController.swift */,
				F1335C9C1E6D866D00DFCA6B /* ModelViewControllerUtils.swift */,
			);
			path = Tools;
			sourceTree = "<group>";
		};
		50AF4C6B1E48FE2300E8EF8A /* Exercises */ = {
			isa = PBXGroup;
			children = (
				50AF4C6C1E48FE2300E8EF8A /* Exercises.storyboard */,
				5021EDF91E6857230058B500 /* Cells */,
				501ABB4D1E68508B00562787 /* Touch Anatomy */,
				50C42D7E1E7526C6007ADEF3 /* Tutorial */,
				501ABB561E6850AD00562787 /* ExerciseList */,
				50B7C1041E6C0A0800C7DD76 /* ExerciseView */,
				500F09701E7587C8004C7270 /* BodyPartAnatomyView */,
			);
			path = Exercises;
			sourceTree = "<group>";
		};
		50AF4C6D1E48FE2300E8EF8A /* Contact */ = {
			isa = PBXGroup;
			children = (
				50AF4C6E1E48FE2300E8EF8A /* Coaches.storyboard */,
				F1B1FC1C1E731D24006FA8DA /* ListSongViewController.swift */,
				F1AF670A1E7359AA005FC6C9 /* MusicPlayerViewController.swift */,
				F1B1FC221E73229A006FA8DA /* ListSongTableViewCell.swift */,
				F1B1FC281E732C32006FA8DA /* TestView.swift */,
				F1B1FC1E1E731E37006FA8DA /* Song.swift */,
				F1B1FC201E732025006FA8DA /* StringUtils.swift */,
				F1B1FC241E7324E2006FA8DA /* MyUtils.swift */,
				F1B1FC261E732B75006FA8DA /* TestView.xib */,
				F1AF670C1E737C0E005FC6C9 /* SongViewCell.swift */,
				F1AF670D1E737C0E005FC6C9 /* SongViewCell.xib */,
				F1D94C471E744CB300B6B42F /* PlayerMusicView.xib */,
			);
			path = Contact;
			sourceTree = "<group>";
		};
		50B7C0EC1E6BF33E00C7DD76 /* Images */ = {
			isa = PBXGroup;
			children = (
				50B7C0ED1E6BF33E00C7DD76 /* BodyParts */,
			);
			path = Images;
			sourceTree = "<group>";
		};
		50B7C0ED1E6BF33E00C7DD76 /* BodyParts */ = {
			isa = PBXGroup;
			children = (
				50B7C0EE1E6BF33E00C7DD76 /* lats.png */,
				50B7C0EF1E6BF33E00C7DD76 /* biceps.png */,
				50B7C0F01E6BF33E00C7DD76 /* chest.png */,
				50B7C0F11E6BF33E00C7DD76 /* core.png */,
				50B7C0F21E6BF33E00C7DD76 /* leg.png */,
				50B7C0F31E6BF33E00C7DD76 /* shoulder.png */,
				50B7C0F41E6BF33E00C7DD76 /* triceps.png */,
				50B7C1001E6C096400C7DD76 /* glute.png */,
				5052D93B1E6C4A43000784DD /* calves.png */,
				5052D93C1E6C4A43000784DD /* forearm.png */,
				50B7C1011E6C096400C7DD76 /* hamstring.png */,
			);
			path = BodyParts;
			sourceTree = "<group>";
		};
		50B7C1041E6C0A0800C7DD76 /* ExerciseView */ = {
			isa = PBXGroup;
			children = (
				50B7C1051E6C0AC100C7DD76 /* ExerciseViewController.swift */,
				5052D93F1E6C59AF000784DD /* ExercisePhotosDataSource.swift */,
				5052D9411E6C59B9000784DD /* ExercisePhotosDelegate.swift */,
			);
			path = ExerciseView;
			sourceTree = "<group>";
		};
		50C42D7E1E7526C6007ADEF3 /* Tutorial */ = {
			isa = PBXGroup;
			children = (
				500F095F1E754096004C7270 /* Gif */,
				500F09591E752BBC004C7270 /* TutorialPageViewController.swift */,
				500F095B1E753DDA004C7270 /* TutorialContainerViewController.swift */,
				500F095D1E753FA7004C7270 /* FirstTutorialViewController.swift */,
			);
			path = Tutorial;
			sourceTree = "<group>";
		};
		50C8FA321E49A6C4009FF195 /* Recent */ = {
			isa = PBXGroup;
			children = (
				504278021E49AC6500D062DF /* RecentViewController.swift */,
				504278041E49ACE900D062DF /* RecentCollectionViewDelegate.swift */,
				504278061E49AE2A00D062DF /* RecentCollectionViewDataSource.swift */,
				503B73AF1E549E3B005838CC /* CategoryPopOverViewController.swift */,
			);
			path = Recent;
			sourceTree = "<group>";
		};
		50E947C51E55F3DA00AEFEC4 /* Search */ = {
			isa = PBXGroup;
			children = (
				50E947C61E55F3ED00AEFEC4 /* SearchViewController.swift */,
				50B6CBC51E5776250064291C /* SearchViewDataSource.swift */,
				50B6CBC71E5777400064291C /* SearchViewDelegate.swift */,
			);
			path = Search;
			sourceTree = "<group>";
		};
		F123ED4B1E68CFC0000D24BD /* image */ = {
			isa = PBXGroup;
			children = (
				F123ED4C1E68CFEC000D24BD /* Deadlift.png */,
				F123ED4D1E68CFEC000D24BD /* Food.png */,
				F1EB919D1E71D1B30078A407 /* next.png */,
				F1B5C5271E697AFF006BB375 /* back_icon.png */,
				F1EB919F1E71D1BC0078A407 /* back.png */,
				F1B5C5251E697878006BB375 /* CombinedShape.png */,
				F123ED4E1E68CFEC000D24BD /* Squat.png */,
			);
			name = image;
			sourceTree = "<group>";
		};
/* End PBXGroup section */

/* Begin PBXHeadersBuildPhase section */
		50A67F711E472C4700E463F7 /* Headers */ = {
			isa = PBXHeadersBuildPhase;
			buildActionMask = 2147483647;
			files = (
				50A67FAB1E472C5700E463F7 /* TouchVisualizer.h in Headers */,
				50A67F781E472C4700E463F7 /* Utils.h in Headers */,
			);
			runOnlyForDeploymentPostprocessing = 0;
		};
/* End PBXHeadersBuildPhase section */

/* Begin PBXNativeTarget section */
		50062A181E470D62002BDE90 /* E.Z Lean */ = {
			isa = PBXNativeTarget;
			buildConfigurationList = 50062A2B1E470D62002BDE90 /* Build configuration list for PBXNativeTarget "E.Z Lean" */;
			buildPhases = (
				C19E9CEFB61D47D45FA13321 /* [CP] Check Pods Manifest.lock */,
				50062A151E470D62002BDE90 /* Sources */,
				50062A161E470D62002BDE90 /* Frameworks */,
				50062A171E470D62002BDE90 /* Resources */,
				50A67F801E472C4700E463F7 /* Embed Frameworks */,
				7962E22C84A9C00C2A269BFD /* [CP] Embed Pods Frameworks */,
				EC362AD45B5B01868B11A20E /* [CP] Copy Pods Resources */,
			);
			buildRules = (
			);
			dependencies = (
				50A67F7A1E472C4700E463F7 /* PBXTargetDependency */,
			);
			name = "E.Z Lean";
			productName = "E.Z Lean";
			productReference = 50062A191E470D62002BDE90 /* E.Z Lean.app */;
			productType = "com.apple.product-type.application";
		};
		50A67F731E472C4700E463F7 /* Utils */ = {
			isa = PBXNativeTarget;
			buildConfigurationList = 50A67F7F1E472C4700E463F7 /* Build configuration list for PBXNativeTarget "Utils" */;
			buildPhases = (
				50A67F6F1E472C4700E463F7 /* Sources */,
				50A67F701E472C4700E463F7 /* Frameworks */,
				50A67F711E472C4700E463F7 /* Headers */,
				50A67F721E472C4700E463F7 /* Resources */,
			);
			buildRules = (
			);
			dependencies = (
			);
			name = Utils;
			productName = Utils;
			productReference = 50A67F741E472C4700E463F7 /* Utils.framework */;
			productType = "com.apple.product-type.framework";
		};
/* End PBXNativeTarget section */

/* Begin PBXProject section */
		50062A111E470D61002BDE90 /* Project object */ = {
			isa = PBXProject;
			attributes = {
				LastSwiftUpdateCheck = 0820;
				LastUpgradeCheck = 0820;
				ORGANIZATIONNAME = "E.Z Lean";
				TargetAttributes = {
					50062A181E470D62002BDE90 = {
						CreatedOnToolsVersion = 8.2.1;
						DevelopmentTeam = Z3TDYH9DM8;
						ProvisioningStyle = Automatic;
					};
					50A67F731E472C4700E463F7 = {
						CreatedOnToolsVersion = 8.2.1;
						DevelopmentTeam = Z3TDYH9DM8;
						LastSwiftMigration = 0820;
						ProvisioningStyle = Automatic;
					};
				};
			};
			buildConfigurationList = 50062A141E470D61002BDE90 /* Build configuration list for PBXProject "E.Z Lean" */;
			compatibilityVersion = "Xcode 3.2";
			developmentRegion = English;
			hasScannedForEncodings = 0;
			knownRegions = (
				en,
				Base,
			);
			mainGroup = 50062A101E470D61002BDE90;
			productRefGroup = 50062A1A1E470D62002BDE90 /* Products */;
			projectDirPath = "";
			projectRoot = "";
			targets = (
				50062A181E470D62002BDE90 /* E.Z Lean */,
				50A67F731E472C4700E463F7 /* Utils */,
			);
		};
/* End PBXProject section */

/* Begin PBXResourcesBuildPhase section */
		50062A171E470D62002BDE90 /* Resources */ = {
			isa = PBXResourcesBuildPhase;
			buildActionMask = 2147483647;
			files = (
				508CAB4C1E733147005BD1FB /* article_base_suffix.txt in Resources */,
				50062A271E470D62002BDE90 /* LaunchScreen.storyboard in Resources */,
				5052D93E1E6C4A43000784DD /* forearm.png in Resources */,
				50B7C0F81E6BF33E00C7DD76 /* core.png in Resources */,
				50AF4C6F1E48FE2300E8EF8A /* Articles.storyboard in Resources */,
				F1B5C5261E697878006BB375 /* CombinedShape.png in Resources */,
				50B7C0F61E6BF33E00C7DD76 /* biceps.png in Resources */,
				500F09651E755855004C7270 /* Long Press.gif in Resources */,
				500F09671E755855004C7270 /* Zoom.gif in Resources */,
				50AF4C711E48FE2300E8EF8A /* Exercises.storyboard in Resources */,
				F1B5C5281E697AFF006BB375 /* back_icon.png in Resources */,
				5021EE041E6857D80058B500 /* ExerciseListTableViewCell.xib in Resources */,
				50062A241E470D62002BDE90 /* Assets.xcassets in Resources */,
				50B7C0FA1E6BF33E00C7DD76 /* shoulder.png in Resources */,
				50AF4C701E48FE2300E8EF8A /* Tools.storyboard in Resources */,
				50FDA4D31E6DACB2001356ED /* ExerciseListHeader.xib in Resources */,
				50062A221E470D62002BDE90 /* Main.storyboard in Resources */,
				50B7C1021E6C096400C7DD76 /* glute.png in Resources */,
				50B7C0F91E6BF33E00C7DD76 /* leg.png in Resources */,
				50B7C0F71E6BF33E00C7DD76 /* chest.png in Resources */,
				50B7C1031E6C096400C7DD76 /* hamstring.png in Resources */,
				507F54911E58563C006E296B /* RecentArticleCell.xib in Resources */,
				500F096E1E757B33004C7270 /* anatomy_prefix.txt in Resources */,
				508CAB4B1E733147005BD1FB /* article_base_prefix.txt in Resources */,
				500F096F1E757B33004C7270 /* anatomy_suffix.txt in Resources */,
				F123ED511E68CFEC000D24BD /* Squat.png in Resources */,
				F123ED4F1E68CFEC000D24BD /* Deadlift.png in Resources */,
				50B7C0F51E6BF33E00C7DD76 /* lats.png in Resources */,
				50B7C0FB1E6BF33E00C7DD76 /* triceps.png in Resources */,
				F1EB919E1E71D1B30078A407 /* next.png in Resources */,
				507F54931E58563C006E296B /* CategoryArticleCell.xib in Resources */,
				F123ED501E68CFEC000D24BD /* Food.png in Resources */,
				5069FA3C1E7255F600188777 /* GoogleService-Info.plist in Resources */,
				500F09661E755855004C7270 /* Tap.gif in Resources */,
				F1EB91A01E71D1BC0078A407 /* back.png in Resources */,
				507F54951E58563C006E296B /* SmallArticleCell.xib in Resources */,
				500F09761E758963004C7270 /* BodyPartAnatomyCell.xib in Resources */,
				5052D93D1E6C4A43000784DD /* calves.png in Resources */,
				F1B1FC271E732B75006FA8DA /* TestView.xib in Resources */,
				50AF4C721E48FE2300E8EF8A /* Coaches.storyboard in Resources */,
				F1AF670F1E737C0E005FC6C9 /* SongViewCell.xib in Resources */,
				F1D94C481E744CB300B6B42F /* PlayerMusicView.xib in Resources */,
			);
			runOnlyForDeploymentPostprocessing = 0;
		};
		50A67F721E472C4700E463F7 /* Resources */ = {
			isa = PBXResourcesBuildPhase;
			buildActionMask = 2147483647;
			files = (
				5069FA3D1E72562000188777 /* GoogleService-Info.plist in Resources */,
			);
			runOnlyForDeploymentPostprocessing = 0;
		};
/* End PBXResourcesBuildPhase section */

/* Begin PBXShellScriptBuildPhase section */
		7962E22C84A9C00C2A269BFD /* [CP] Embed Pods Frameworks */ = {
			isa = PBXShellScriptBuildPhase;
			buildActionMask = 2147483647;
			files = (
			);
			inputPaths = (
			);
			name = "[CP] Embed Pods Frameworks";
			outputPaths = (
			);
			runOnlyForDeploymentPostprocessing = 0;
			shellPath = /bin/sh;
			shellScript = "\"${SRCROOT}/Pods/Target Support Files/Pods-E.Z Lean/Pods-E.Z Lean-frameworks.sh\"\n";
			showEnvVarsInLog = 0;
		};
		C19E9CEFB61D47D45FA13321 /* [CP] Check Pods Manifest.lock */ = {
			isa = PBXShellScriptBuildPhase;
			buildActionMask = 2147483647;
			files = (
			);
			inputPaths = (
			);
			name = "[CP] Check Pods Manifest.lock";
			outputPaths = (
			);
			runOnlyForDeploymentPostprocessing = 0;
			shellPath = /bin/sh;
			shellScript = "diff \"${PODS_ROOT}/../Podfile.lock\" \"${PODS_ROOT}/Manifest.lock\" > /dev/null\nif [ $? != 0 ] ; then\n    # print error to STDERR\n    echo \"error: The sandbox is not in sync with the Podfile.lock. Run 'pod install' or update your CocoaPods installation.\" >&2\n    exit 1\nfi\n";
			showEnvVarsInLog = 0;
		};
		EC362AD45B5B01868B11A20E /* [CP] Copy Pods Resources */ = {
			isa = PBXShellScriptBuildPhase;
			buildActionMask = 2147483647;
			files = (
			);
			inputPaths = (
			);
			name = "[CP] Copy Pods Resources";
			outputPaths = (
			);
			runOnlyForDeploymentPostprocessing = 0;
			shellPath = /bin/sh;
			shellScript = "\"${SRCROOT}/Pods/Target Support Files/Pods-E.Z Lean/Pods-E.Z Lean-resources.sh\"\n";
			showEnvVarsInLog = 0;
		};
/* End PBXShellScriptBuildPhase section */

/* Begin PBXSourcesBuildPhase section */
		50062A151E470D62002BDE90 /* Sources */ = {
			isa = PBXSourcesBuildPhase;
			buildActionMask = 2147483647;
			files = (
				50FDA4D11E6DAC9D001356ED /* ExerciseListHeader.swift in Sources */,
				F164A41F1E4F621A0084F6B3 /* TDEECalculatorViewController.swift in Sources */,
				5052D9401E6C59AF000784DD /* ExercisePhotosDataSource.swift in Sources */,
				501D61CF1E4CDC6C00E9C859 /* CategoryViewController.swift in Sources */,
				F1335C9D1E6D866D00DFCA6B /* ModelViewControllerUtils.swift in Sources */,
				50B7C1061E6C0AC100C7DD76 /* ExerciseViewController.swift in Sources */,
				5042098C1E55E00F005AC8D4 /* CategoryViewDelegate.swift in Sources */,
				504209881E55DF79005AC8D4 /* Article.swift in Sources */,
				500F09721E7587E3004C7270 /* BodyPartAnatomyViewController.swift in Sources */,
				5021EE001E68579A0058B500 /* BaseTableViewCell.swift in Sources */,
				5021EE031E6857D80058B500 /* ExerciseListTableViewCell.swift in Sources */,
				5072896C1E758F020099862F /* BodyPartAnatomyWebViewController.swift in Sources */,
				5021EE061E6860300058B500 /* ExerciseListDelegate.swift in Sources */,
				50B6CBC61E5776250064291C /* SearchViewDataSource.swift in Sources */,
				F1B1FC1F1E731E37006FA8DA /* Song.swift in Sources */,
				F1B1FC211E732025006FA8DA /* StringUtils.swift in Sources */,
				F1910DF61E6F346F000AE150 /* CircleTransition.swift in Sources */,
				50FEF9321E4EA23A00308CCA /* EZLeanNavigationController.swift in Sources */,
				501ABB511E68508B00562787 /* AnatomyViewController.swift in Sources */,
				507F54941E58563C006E296B /* SmallArticleCell.swift in Sources */,
				504278071E49AE2A00D062DF /* RecentCollectionViewDataSource.swift in Sources */,
				50062A1F1E470D62002BDE90 /* ViewController.swift in Sources */,
				504278031E49AC6500D062DF /* RecentViewController.swift in Sources */,
				503B73B01E549E3B005838CC /* CategoryPopOverViewController.swift in Sources */,
				507F54921E58563C006E296B /* CategoryArticleCell.swift in Sources */,
				5021EE081E68603A0058B500 /* ExerciseListDataSource.swift in Sources */,
				500F095A1E752BBC004C7270 /* TutorialPageViewController.swift in Sources */,
				F1B1FC291E732C32006FA8DA /* TestView.swift in Sources */,
				507F54901E58563C006E296B /* RecentArticleCell.swift in Sources */,
				500F09691E755DDC004C7270 /* Anatomy.swift in Sources */,
				50F521A91E5D390300275564 /* ArticlesManager.swift in Sources */,
				F1D8333F1E478D2600772F42 /* OneRMCalculatorViewController.swift in Sources */,
				504278051E49ACE900D062DF /* RecentCollectionViewDelegate.swift in Sources */,
				508CAB481E7330D8005BD1FB /* HTMLGenerator.swift in Sources */,
				F12644DB1E4B7B0600C5D33C /* WilksCalculatorViewController.swift in Sources */,
				5021EDFE1E6857890058B500 /* BaseCell.swift in Sources */,
				508CAB461E72F6C3005BD1FB /* FireBaseArticleManager.swift in Sources */,
				5042098B1E55E00F005AC8D4 /* CategoryViewDataSource.swift in Sources */,
				501ABB531E68508B00562787 /* TouchableAnatomy.swift in Sources */,
				500F095C1E753DDA004C7270 /* TutorialContainerViewController.swift in Sources */,
				501ABB581E6853C800562787 /* ExerciseListViewController.swift in Sources */,
				500F096B1E75603E004C7270 /* AnatomyManager.swift in Sources */,
				50B6CBC81E5777400064291C /* SearchViewDelegate.swift in Sources */,
				504209851E55D912005AC8D4 /* Constant.swift in Sources */,
				50E947C71E55F3ED00AEFEC4 /* SearchViewController.swift in Sources */,
				507F54991E585FF4006E296B /* ArticleCell.swift in Sources */,
				50AF4C651E48D78000E8EF8A /* EZLeanTabBarViewController.swift in Sources */,
				F1AF670E1E737C0E005FC6C9 /* SongViewCell.swift in Sources */,
				50276FA21E4A2AE4006CBAC0 /* SingleArticleViewController.swift in Sources */,
				F1D8333D1E47871F00772F42 /* ToolViewController.swift in Sources */,
				F1AF670B1E7359AA005FC6C9 /* MusicPlayerViewController.swift in Sources */,
				500F09751E758963004C7270 /* BodyPartAnatomyCell.swift in Sources */,
				5052D9421E6C59B9000784DD /* ExercisePhotosDelegate.swift in Sources */,
				501ABB521E68508B00562787 /* TouchableAnatomy+Function.swift in Sources */,
				5079F5BB1E65A5DC002B50B1 /* StringScore.swift in Sources */,
				F1B1FC251E7324E2006FA8DA /* MyUtils.swift in Sources */,
				5021EE0A1E6863660058B500 /* Exercise.swift in Sources */,
				50B1E5321E734DC40008F547 /* ExercisesManager.swift in Sources */,
				500F095E1E753FA7004C7270 /* FirstTutorialViewController.swift in Sources */,
				F1B1FC231E73229A006FA8DA /* ListSongTableViewCell.swift in Sources */,
				50062A1D1E470D62002BDE90 /* AppDelegate.swift in Sources */,
				F1B1FC1D1E731D24006FA8DA /* ListSongViewController.swift in Sources */,
				50AF24AC1E5C827200453512 /* ArticleCategory.swift in Sources */,
				50B7C0EB1E6BF02200C7DD76 /* BodyPart.swift in Sources */,
				50AF24AA1E5C823B00453512 /* DatabaseManager.swift in Sources */,
			);
			runOnlyForDeploymentPostprocessing = 0;
		};
		50A67F6F1E472C4700E463F7 /* Sources */ = {
			isa = PBXSourcesBuildPhase;
			buildActionMask = 2147483647;
			files = (
				50A67FAF1E472C5700E463F7 /* UIButton.swift in Sources */,
				50A67FB21E472C5700E463F7 /* UIImage.swift in Sources */,
				50A67FB41E472C5700E463F7 /* UIView.swift in Sources */,
				50951D271E735650009C34A3 /* String.swift in Sources */,
				50A67FAA1E472C5700E463F7 /* TouchView.swift in Sources */,
				50A67FAE1E472C5700E463F7 /* GifUIImageView.swift in Sources */,
				50A67FA71E472C5700E463F7 /* SKSpriteNode.swift in Sources */,
				50A67FB11E472C5700E463F7 /* UIColorExtension.swift in Sources */,
				50A67FA11E472C5700E463F7 /* CGSize.swift in Sources */,
				50A67FA81E472C5700E463F7 /* SKTextureAtlas.swift in Sources */,
				50A67FA41E472C5700E463F7 /* Functional.swift in Sources */,
				50A67F9F1E472C5700E463F7 /* CGPoint.swift in Sources */,
				50A67FA21E472C5700E463F7 /* CGVector.swift in Sources */,
				F1D833411E478F2D00772F42 /* StringToDouble.swift in Sources */,
				50A67FA91E472C5700E463F7 /* Configuration.swift in Sources */,
				50A67FAD1E472C5700E463F7 /* Visualizer.swift in Sources */,
				50A67FAC1E472C5700E463F7 /* UIWindow+Swizzle.swift in Sources */,
				50A67FA31E472C5700E463F7 /* Array.swift in Sources */,
				50A67FB01E472C5700E463F7 /* UIColor.swift in Sources */,
				50A67FB31E472C5700E463F7 /* UIImageView.swift in Sources */,
				50A67FA01E472C5700E463F7 /* CGRect.swift in Sources */,
				50A67FA51E472C5700E463F7 /* GKGraphNode2D.swift in Sources */,
				5052D9451E6CDF36000784DD /* WKWebView.swift in Sources */,
				502C55B41E71A4F2003D8B0D /* UIViewExtension.swift in Sources */,
				5052D93A1E6C2EC3000784DD /* UIScrollView.swift in Sources */,
				50A67FA61E472C5700E463F7 /* SKNode.swift in Sources */,
				50A67F9E1E472C5700E463F7 /* CGFloat.swift in Sources */,
			);
			runOnlyForDeploymentPostprocessing = 0;
		};
/* End PBXSourcesBuildPhase section */

/* Begin PBXTargetDependency section */
		50A67F7A1E472C4700E463F7 /* PBXTargetDependency */ = {
			isa = PBXTargetDependency;
			target = 50A67F731E472C4700E463F7 /* Utils */;
			targetProxy = 50A67F791E472C4700E463F7 /* PBXContainerItemProxy */;
		};
/* End PBXTargetDependency section */

/* Begin PBXVariantGroup section */
		50062A201E470D62002BDE90 /* Main.storyboard */ = {
			isa = PBXVariantGroup;
			children = (
				50062A211E470D62002BDE90 /* Base */,
			);
			name = Main.storyboard;
			sourceTree = "<group>";
		};
		50062A251E470D62002BDE90 /* LaunchScreen.storyboard */ = {
			isa = PBXVariantGroup;
			children = (
				50062A261E470D62002BDE90 /* Base */,
			);
			name = LaunchScreen.storyboard;
			sourceTree = "<group>";
		};
/* End PBXVariantGroup section */

/* Begin XCBuildConfiguration section */
		50062A291E470D62002BDE90 /* Debug */ = {
			isa = XCBuildConfiguration;
			buildSettings = {
				ALWAYS_SEARCH_USER_PATHS = NO;
				CLANG_ANALYZER_NONNULL = YES;
				CLANG_CXX_LANGUAGE_STANDARD = "gnu++0x";
				CLANG_CXX_LIBRARY = "libc++";
				CLANG_ENABLE_MODULES = YES;
				CLANG_ENABLE_OBJC_ARC = YES;
				CLANG_WARN_BOOL_CONVERSION = YES;
				CLANG_WARN_CONSTANT_CONVERSION = YES;
				CLANG_WARN_DIRECT_OBJC_ISA_USAGE = YES_ERROR;
				CLANG_WARN_DOCUMENTATION_COMMENTS = YES;
				CLANG_WARN_EMPTY_BODY = YES;
				CLANG_WARN_ENUM_CONVERSION = YES;
				CLANG_WARN_INFINITE_RECURSION = YES;
				CLANG_WARN_INT_CONVERSION = YES;
				CLANG_WARN_OBJC_ROOT_CLASS = YES_ERROR;
				CLANG_WARN_SUSPICIOUS_MOVE = YES;
				CLANG_WARN_UNREACHABLE_CODE = YES;
				CLANG_WARN__DUPLICATE_METHOD_MATCH = YES;
				"CODE_SIGN_IDENTITY[sdk=iphoneos*]" = "iPhone Developer";
				COPY_PHASE_STRIP = NO;
				DEBUG_INFORMATION_FORMAT = dwarf;
				ENABLE_STRICT_OBJC_MSGSEND = YES;
				ENABLE_TESTABILITY = YES;
				GCC_C_LANGUAGE_STANDARD = gnu99;
				GCC_DYNAMIC_NO_PIC = NO;
				GCC_NO_COMMON_BLOCKS = YES;
				GCC_OPTIMIZATION_LEVEL = 0;
				GCC_PREPROCESSOR_DEFINITIONS = (
					"DEBUG=1",
					"$(inherited)",
				);
				GCC_WARN_64_TO_32_BIT_CONVERSION = YES;
				GCC_WARN_ABOUT_RETURN_TYPE = YES_ERROR;
				GCC_WARN_UNDECLARED_SELECTOR = YES;
				GCC_WARN_UNINITIALIZED_AUTOS = YES_AGGRESSIVE;
				GCC_WARN_UNUSED_FUNCTION = YES;
				GCC_WARN_UNUSED_VARIABLE = YES;
				IPHONEOS_DEPLOYMENT_TARGET = 9.0;
				MTL_ENABLE_DEBUG_INFO = YES;
				ONLY_ACTIVE_ARCH = YES;
				SDKROOT = iphoneos;
				SWIFT_ACTIVE_COMPILATION_CONDITIONS = DEBUG;
				SWIFT_OPTIMIZATION_LEVEL = "-Onone";
				TARGETED_DEVICE_FAMILY = "1,2";
			};
			name = Debug;
		};
		50062A2A1E470D62002BDE90 /* Release */ = {
			isa = XCBuildConfiguration;
			buildSettings = {
				ALWAYS_SEARCH_USER_PATHS = NO;
				CLANG_ANALYZER_NONNULL = YES;
				CLANG_CXX_LANGUAGE_STANDARD = "gnu++0x";
				CLANG_CXX_LIBRARY = "libc++";
				CLANG_ENABLE_MODULES = YES;
				CLANG_ENABLE_OBJC_ARC = YES;
				CLANG_WARN_BOOL_CONVERSION = YES;
				CLANG_WARN_CONSTANT_CONVERSION = YES;
				CLANG_WARN_DIRECT_OBJC_ISA_USAGE = YES_ERROR;
				CLANG_WARN_DOCUMENTATION_COMMENTS = YES;
				CLANG_WARN_EMPTY_BODY = YES;
				CLANG_WARN_ENUM_CONVERSION = YES;
				CLANG_WARN_INFINITE_RECURSION = YES;
				CLANG_WARN_INT_CONVERSION = YES;
				CLANG_WARN_OBJC_ROOT_CLASS = YES_ERROR;
				CLANG_WARN_SUSPICIOUS_MOVE = YES;
				CLANG_WARN_UNREACHABLE_CODE = YES;
				CLANG_WARN__DUPLICATE_METHOD_MATCH = YES;
				"CODE_SIGN_IDENTITY[sdk=iphoneos*]" = "iPhone Developer";
				COPY_PHASE_STRIP = NO;
				DEBUG_INFORMATION_FORMAT = "dwarf-with-dsym";
				ENABLE_NS_ASSERTIONS = NO;
				ENABLE_STRICT_OBJC_MSGSEND = YES;
				GCC_C_LANGUAGE_STANDARD = gnu99;
				GCC_NO_COMMON_BLOCKS = YES;
				GCC_WARN_64_TO_32_BIT_CONVERSION = YES;
				GCC_WARN_ABOUT_RETURN_TYPE = YES_ERROR;
				GCC_WARN_UNDECLARED_SELECTOR = YES;
				GCC_WARN_UNINITIALIZED_AUTOS = YES_AGGRESSIVE;
				GCC_WARN_UNUSED_FUNCTION = YES;
				GCC_WARN_UNUSED_VARIABLE = YES;
				IPHONEOS_DEPLOYMENT_TARGET = 9.0;
				MTL_ENABLE_DEBUG_INFO = NO;
				SDKROOT = iphoneos;
				SWIFT_OPTIMIZATION_LEVEL = "-Owholemodule";
				TARGETED_DEVICE_FAMILY = "1,2";
				VALIDATE_PRODUCT = YES;
			};
			name = Release;
		};
		50062A2C1E470D62002BDE90 /* Debug */ = {
			isa = XCBuildConfiguration;
			baseConfigurationReference = 2DEEA4E248901C2A1F0489EB /* Pods-E.Z Lean.debug.xcconfig */;
			buildSettings = {
				ALWAYS_EMBED_SWIFT_STANDARD_LIBRARIES = YES;
				ASSETCATALOG_COMPILER_APPICON_NAME = AppIcon;
				DEVELOPMENT_TEAM = Z3TDYH9DM8;
				INFOPLIST_FILE = "E.Z Lean/Info.plist";
				IPHONEOS_DEPLOYMENT_TARGET = 9.0;
				LD_RUNPATH_SEARCH_PATHS = "$(inherited) @executable_path/Frameworks";
				PRODUCT_BUNDLE_IDENTIFIER = "vn.ezLean.E-Z-Lean";
				PRODUCT_NAME = "$(TARGET_NAME)";
				SWIFT_OBJC_BRIDGING_HEADER = "Bridging-Header.h";
				SWIFT_VERSION = 3.0;
			};
			name = Debug;
		};
		50062A2D1E470D62002BDE90 /* Release */ = {
			isa = XCBuildConfiguration;
			baseConfigurationReference = C759D5717A307D8C0C10B92D /* Pods-E.Z Lean.release.xcconfig */;
			buildSettings = {
				ALWAYS_EMBED_SWIFT_STANDARD_LIBRARIES = YES;
				ASSETCATALOG_COMPILER_APPICON_NAME = AppIcon;
				DEVELOPMENT_TEAM = Z3TDYH9DM8;
				INFOPLIST_FILE = "E.Z Lean/Info.plist";
				IPHONEOS_DEPLOYMENT_TARGET = 9.0;
				LD_RUNPATH_SEARCH_PATHS = "$(inherited) @executable_path/Frameworks";
				PRODUCT_BUNDLE_IDENTIFIER = "vn.ezLean.E-Z-Lean";
				PRODUCT_NAME = "$(TARGET_NAME)";
				SWIFT_OBJC_BRIDGING_HEADER = "Bridging-Header.h";
				SWIFT_VERSION = 3.0;
			};
			name = Release;
		};
		50A67F7D1E472C4700E463F7 /* Debug */ = {
			isa = XCBuildConfiguration;
			buildSettings = {
				CLANG_ENABLE_MODULES = YES;
				CODE_SIGN_IDENTITY = "";
				CURRENT_PROJECT_VERSION = 1;
				DEFINES_MODULE = YES;
				DEVELOPMENT_TEAM = Z3TDYH9DM8;
				DYLIB_COMPATIBILITY_VERSION = 1;
				DYLIB_CURRENT_VERSION = 1;
				DYLIB_INSTALL_NAME_BASE = "@rpath";
				INFOPLIST_FILE = Utils/Info.plist;
				INSTALL_PATH = "$(LOCAL_LIBRARY_DIR)/Frameworks";
				IPHONEOS_DEPLOYMENT_TARGET = 9.0;
				LD_RUNPATH_SEARCH_PATHS = "$(inherited) @executable_path/Frameworks @loader_path/Frameworks";
				PRODUCT_BUNDLE_IDENTIFIER = duyanh2912.Utils;
				PRODUCT_NAME = "$(TARGET_NAME)";
				SKIP_INSTALL = YES;
				SWIFT_OPTIMIZATION_LEVEL = "-Onone";
				SWIFT_VERSION = 3.0;
				VERSIONING_SYSTEM = "apple-generic";
				VERSION_INFO_PREFIX = "";
			};
			name = Debug;
		};
		50A67F7E1E472C4700E463F7 /* Release */ = {
			isa = XCBuildConfiguration;
			buildSettings = {
				CLANG_ENABLE_MODULES = YES;
				CODE_SIGN_IDENTITY = "";
				CURRENT_PROJECT_VERSION = 1;
				DEFINES_MODULE = YES;
				DEVELOPMENT_TEAM = Z3TDYH9DM8;
				DYLIB_COMPATIBILITY_VERSION = 1;
				DYLIB_CURRENT_VERSION = 1;
				DYLIB_INSTALL_NAME_BASE = "@rpath";
				INFOPLIST_FILE = Utils/Info.plist;
				INSTALL_PATH = "$(LOCAL_LIBRARY_DIR)/Frameworks";
				IPHONEOS_DEPLOYMENT_TARGET = 9.0;
				LD_RUNPATH_SEARCH_PATHS = "$(inherited) @executable_path/Frameworks @loader_path/Frameworks";
				PRODUCT_BUNDLE_IDENTIFIER = duyanh2912.Utils;
				PRODUCT_NAME = "$(TARGET_NAME)";
				SKIP_INSTALL = YES;
				SWIFT_VERSION = 3.0;
				VERSIONING_SYSTEM = "apple-generic";
				VERSION_INFO_PREFIX = "";
			};
			name = Release;
		};
/* End XCBuildConfiguration section */

/* Begin XCConfigurationList section */
		50062A141E470D61002BDE90 /* Build configuration list for PBXProject "E.Z Lean" */ = {
			isa = XCConfigurationList;
			buildConfigurations = (
				50062A291E470D62002BDE90 /* Debug */,
				50062A2A1E470D62002BDE90 /* Release */,
			);
			defaultConfigurationIsVisible = 0;
			defaultConfigurationName = Release;
		};
		50062A2B1E470D62002BDE90 /* Build configuration list for PBXNativeTarget "E.Z Lean" */ = {
			isa = XCConfigurationList;
			buildConfigurations = (
				50062A2C1E470D62002BDE90 /* Debug */,
				50062A2D1E470D62002BDE90 /* Release */,
			);
			defaultConfigurationIsVisible = 0;
			defaultConfigurationName = Release;
		};
		50A67F7F1E472C4700E463F7 /* Build configuration list for PBXNativeTarget "Utils" */ = {
			isa = XCConfigurationList;
			buildConfigurations = (
				50A67F7D1E472C4700E463F7 /* Debug */,
				50A67F7E1E472C4700E463F7 /* Release */,
			);
			defaultConfigurationIsVisible = 0;
			defaultConfigurationName = Release;
		};
/* End XCConfigurationList section */
	};
	rootObject = 50062A111E470D61002BDE90 /* Project object */;
}
